// !$*UTF8*$!
{
	archiveVersion = 1;
	classes = {
	};
	objectVersion = 56;
	objects = {

/* Begin PBXBuildFile section */
		DD59F9192A75778A0047E2CE /* FirstPipelineApp.swift in Sources */ = {isa = PBXBuildFile; fileRef = DD59F9182A75778A0047E2CE /* FirstPipelineApp.swift */; };
		DD59F91D2A75778B0047E2CE /* Assets.xcassets in Resources */ = {isa = PBXBuildFile; fileRef = DD59F91C2A75778B0047E2CE /* Assets.xcassets */; };
		DD59F9202A75778B0047E2CE /* Preview Assets.xcassets in Resources */ = {isa = PBXBuildFile; fileRef = DD59F91F2A75778B0047E2CE /* Preview Assets.xcassets */; };
		DD59F9272A7577C70047E2CE /* HeaderView.swift in Sources */ = {isa = PBXBuildFile; fileRef = DD59F9262A7577C70047E2CE /* HeaderView.swift */; };
		DD59F9292A7578A80047E2CE /* DescView.swift in Sources */ = {isa = PBXBuildFile; fileRef = DD59F9282A7578A80047E2CE /* DescView.swift */; };
		DD59F92B2A75796B0047E2CE /* FirstPipelineViewModel.swift in Sources */ = {isa = PBXBuildFile; fileRef = DD59F92A2A75796B0047E2CE /* FirstPipelineViewModel.swift */; };
		DD59F92E2A7670BF0047E2CE /* FirstPipelineView.swift in Sources */ = {isa = PBXBuildFile; fileRef = DD59F92D2A7670BF0047E2CE /* FirstPipelineView.swift */; };
		DD59F9362A7845230047E2CE /* LongRunningView.swift in Sources */ = {isa = PBXBuildFile; fileRef = DD59F9352A7845230047E2CE /* LongRunningView.swift */; };
		DD59F93A2A78453D0047E2CE /* LongRunnningViewModel.swift in Sources */ = {isa = PBXBuildFile; fileRef = DD59F9392A78453D0047E2CE /* LongRunnningViewModel.swift */; };
		DD59F93F2A7850140047E2CE /* CancellingMulitPipeViewModel.swift in Sources */ = {isa = PBXBuildFile; fileRef = DD59F93E2A7850140047E2CE /* CancellingMulitPipeViewModel.swift */; };
		DD59F9412A7851920047E2CE /* CancellingMulitPipeView.swift in Sources */ = {isa = PBXBuildFile; fileRef = DD59F9402A7851920047E2CE /* CancellingMulitPipeView.swift */; };
		DD59F9482A799AB50047E2CE /* Published_IntroductionView.swift in Sources */ = {isa = PBXBuildFile; fileRef = DD59F9472A799AB50047E2CE /* Published_IntroductionView.swift */; };
		DD59F94B2A799AC50047E2CE /* Published_IntroductionViewModel.swift in Sources */ = {isa = PBXBuildFile; fileRef = DD59F94A2A799AC50047E2CE /* Published_IntroductionViewModel.swift */; };
		DD59F9502A79A2780047E2CE /* CurrentValueSubject_IntroViewModel.swift in Sources */ = {isa = PBXBuildFile; fileRef = DD59F94F2A79A2780047E2CE /* CurrentValueSubject_IntroViewModel.swift */; };
		DD59F9522A79A9E10047E2CE /* CurrentValueSubject_IntroView.swift in Sources */ = {isa = PBXBuildFile; fileRef = DD59F9512A79A9E10047E2CE /* CurrentValueSubject_IntroView.swift */; };
		DE95DA892A8221DB00691C6B /* Future_RunMultipleTimesViewModel.swift in Sources */ = {isa = PBXBuildFile; fileRef = DE95DA882A8221DB00691C6B /* Future_RunMultipleTimesViewModel.swift */; };
		DE95DA8B2A82229900691C6B /* Future_RunMultipleTimesView.swift in Sources */ = {isa = PBXBuildFile; fileRef = DE95DA8A2A82229900691C6B /* Future_RunMultipleTimesView.swift */; };
		DE95DA902A8224EF00691C6B /* JustViewModel.swift in Sources */ = {isa = PBXBuildFile; fileRef = DE95DA8F2A8224EF00691C6B /* JustViewModel.swift */; };
		DE95DA922A82270600691C6B /* JustView.swift in Sources */ = {isa = PBXBuildFile; fileRef = DE95DA912A82270600691C6B /* JustView.swift */; };
		DE95DA972A82290300691C6B /* PassthroughSubjectViewModel.swift in Sources */ = {isa = PBXBuildFile; fileRef = DE95DA962A82290300691C6B /* PassthroughSubjectViewModel.swift */; };
		DE95DA992A822A6500691C6B /* PassthroughSubjectView.swift in Sources */ = {isa = PBXBuildFile; fileRef = DE95DA982A822A6500691C6B /* PassthroughSubjectView.swift */; };
		DE95DA9E2A83793600691C6B /* SequenceViewModel.swift in Sources */ = {isa = PBXBuildFile; fileRef = DE95DA9D2A83793600691C6B /* SequenceViewModel.swift */; };
		DE95DAA22A837A4B00691C6B /* SequnceView.swift in Sources */ = {isa = PBXBuildFile; fileRef = DE95DAA12A837A4B00691C6B /* SequnceView.swift */; };
		DE95DAA72A837BD400691C6B /* TimerViewModel.swift in Sources */ = {isa = PBXBuildFile; fileRef = DE95DAA62A837BD400691C6B /* TimerViewModel.swift */; };
		DE95DAA92A837CEA00691C6B /* TimerView.swift in Sources */ = {isa = PBXBuildFile; fileRef = DE95DAA82A837CEA00691C6B /* TimerView.swift */; };
		DE95DAAC2A8381C600691C6B /* TimerConnectViewModel.swift in Sources */ = {isa = PBXBuildFile; fileRef = DE95DAAB2A8381C600691C6B /* TimerConnectViewModel.swift */; };
		DE95DAAE2A8382A300691C6B /* TimerConnectView.swift in Sources */ = {isa = PBXBuildFile; fileRef = DE95DAAD2A8382A300691C6B /* TimerConnectView.swift */; };
		DE95DAB32A83A2F300691C6B /* DataTaskPublisherViewModel.swift in Sources */ = {isa = PBXBuildFile; fileRef = DE95DAB22A83A2F300691C6B /* DataTaskPublisherViewModel.swift */; };
		DE95DAB62A83A32500691C6B /* CatFact.swift in Sources */ = {isa = PBXBuildFile; fileRef = DE95DAB52A83A32500691C6B /* CatFact.swift */; };
		DE95DAB82A83A3F800691C6B /* DataTaskPublisherView.swift in Sources */ = {isa = PBXBuildFile; fileRef = DE95DAB72A83A3F800691C6B /* DataTaskPublisherView.swift */; };
		DE95DABA2A83CAFB00691C6B /* ErrorForAlert.swift in Sources */ = {isa = PBXBuildFile; fileRef = DE95DAB92A83CAFB00691C6B /* ErrorForAlert.swift */; };
		DE95DABF2A83CE8400691C6B /* DataTaskPublisherImgViewModel.swift in Sources */ = {isa = PBXBuildFile; fileRef = DE95DABE2A83CE8400691C6B /* DataTaskPublisherImgViewModel.swift */; };
		DE95DAC12A83D03700691C6B /* DataTaskPublisherImgView.swift in Sources */ = {isa = PBXBuildFile; fileRef = DE95DAC02A83D03700691C6B /* DataTaskPublisherImgView.swift */; };
		DE95DAD02A8517AD00691C6B /* AllSatisfyViewModel.swift in Sources */ = {isa = PBXBuildFile; fileRef = DE95DACF2A8517AD00691C6B /* AllSatisfyViewModel.swift */; };
		DE95DAD22A85187900691C6B /* AllSatisfyView.swift in Sources */ = {isa = PBXBuildFile; fileRef = DE95DAD12A85187900691C6B /* AllSatisfyView.swift */; };
		DE95DAD72A852C3800691C6B /* TryAllSatisfyViewModel.swift in Sources */ = {isa = PBXBuildFile; fileRef = DE95DAD62A852C3800691C6B /* TryAllSatisfyViewModel.swift */; };
		DE95DADA2A852C8000691C6B /* InvalidNumberError.swift in Sources */ = {isa = PBXBuildFile; fileRef = DE95DAD92A852C8000691C6B /* InvalidNumberError.swift */; };
		DE95DADC2A852E6600691C6B /* TryAllSatisfyView.swift in Sources */ = {isa = PBXBuildFile; fileRef = DE95DADB2A852E6600691C6B /* TryAllSatisfyView.swift */; };
		DE95DAE12A86152100691C6B /* ContainsViewModel.swift in Sources */ = {isa = PBXBuildFile; fileRef = DE95DAE02A86152100691C6B /* ContainsViewModel.swift */; };
		DE95DAE32A86164100691C6B /* ContainsView.swift in Sources */ = {isa = PBXBuildFile; fileRef = DE95DAE22A86164100691C6B /* ContainsView.swift */; };
		DE95DAE92A864C6C00691C6B /* ContainsWhereViewModel.swift in Sources */ = {isa = PBXBuildFile; fileRef = DE95DAE82A864C6C00691C6B /* ContainsWhereViewModel.swift */; };
		DE95DAEC2A864CDF00691C6B /* Fruit.swift in Sources */ = {isa = PBXBuildFile; fileRef = DE95DAEB2A864CDF00691C6B /* Fruit.swift */; };
		DE95DAEE2A864DD500691C6B /* ContainsWhereView.swift in Sources */ = {isa = PBXBuildFile; fileRef = DE95DAED2A864DD500691C6B /* ContainsWhereView.swift */; };
		DE95DAF42A864F2700691C6B /* InvalidSelectionError.swift in Sources */ = {isa = PBXBuildFile; fileRef = DE95DAF32A864F2700691C6B /* InvalidSelectionError.swift */; };
		DE95DAF62A864F6300691C6B /* TryContainsWhereViewModel.swift in Sources */ = {isa = PBXBuildFile; fileRef = DE95DAF52A864F6300691C6B /* TryContainsWhereViewModel.swift */; };
		DE95DAF82A86505A00691C6B /* TryContainsWhereView.swift in Sources */ = {isa = PBXBuildFile; fileRef = DE95DAF72A86505A00691C6B /* TryContainsWhereView.swift */; };
		DE95DAFD2A86714A00691C6B /* CountViewModel.swift in Sources */ = {isa = PBXBuildFile; fileRef = DE95DAFC2A86714A00691C6B /* CountViewModel.swift */; };
		DE95DAFF2A8671FF00691C6B /* CountView.swift in Sources */ = {isa = PBXBuildFile; fileRef = DE95DAFE2A8671FF00691C6B /* CountView.swift */; };
		DE95DB022A8672C100691C6B /* CountDetailView.swift in Sources */ = {isa = PBXBuildFile; fileRef = DE95DB012A8672C100691C6B /* CountDetailView.swift */; };
		DE95DB072A8680FB00691C6B /* MaxViewModel.swift in Sources */ = {isa = PBXBuildFile; fileRef = DE95DB062A8680FB00691C6B /* MaxViewModel.swift */; };
		DE95DB092A8681A300691C6B /* MaxView.swift in Sources */ = {isa = PBXBuildFile; fileRef = DE95DB082A8681A300691C6B /* MaxView.swift */; };
		DED0BA8C2A80DDE9000F9149 /* EmptyViewModel.swift in Sources */ = {isa = PBXBuildFile; fileRef = DED0BA8B2A80DDE9000F9149 /* EmptyViewModel.swift */; };
		DED0BA8F2A80DF27000F9149 /* EmptyIntroductionView.swift in Sources */ = {isa = PBXBuildFile; fileRef = DED0BA8E2A80DF27000F9149 /* EmptyIntroductionView.swift */; };
		DED0BA952A80E625000F9149 /* InvalidAgeError.swift in Sources */ = {isa = PBXBuildFile; fileRef = DED0BA942A80E625000F9149 /* InvalidAgeError.swift */; };
		DED0BA972A80E65D000F9149 /* Validators.swift in Sources */ = {isa = PBXBuildFile; fileRef = DED0BA962A80E65D000F9149 /* Validators.swift */; };
		DED0BA992A80E6D7000F9149 /* FailViewModel.swift in Sources */ = {isa = PBXBuildFile; fileRef = DED0BA982A80E6D7000F9149 /* FailViewModel.swift */; };
		DED0BA9B2A80E750000F9149 /* FailView.swift in Sources */ = {isa = PBXBuildFile; fileRef = DED0BA9A2A80E750000F9149 /* FailView.swift */; };
		DED0BAA02A813154000F9149 /* FutureViewModel.swift in Sources */ = {isa = PBXBuildFile; fileRef = DED0BA9F2A813154000F9149 /* FutureViewModel.swift */; };
		DED0BAA22A813286000F9149 /* FutureView.swift in Sources */ = {isa = PBXBuildFile; fileRef = DED0BAA12A813286000F9149 /* FutureView.swift */; };
		DED0BAA42A81342D000F9149 /* Future_ImmediateViewModel.swift in Sources */ = {isa = PBXBuildFile; fileRef = DED0BAA32A81342D000F9149 /* Future_ImmediateViewModel.swift */; };
		DED0BAA62A813498000F9149 /* Future_ImmediateView.swift in Sources */ = {isa = PBXBuildFile; fileRef = DED0BAA52A813498000F9149 /* Future_ImmediateView.swift */; };
		DED0BAA92A821FE5000F9149 /* Future_OnlyRunsOnceViewModel.swift in Sources */ = {isa = PBXBuildFile; fileRef = DED0BAA82A821FE5000F9149 /* Future_OnlyRunsOnceViewModel.swift */; };
		DED0BAAB2A8220AD000F9149 /* Future_OnlyRunsOnceView.swift in Sources */ = {isa = PBXBuildFile; fileRef = DED0BAAA2A8220AD000F9149 /* Future_OnlyRunsOnceView.swift */; };
/* End PBXBuildFile section */

/* Begin PBXFileReference section */
		DD59F9152A75778A0047E2CE /* FirstPipeline.app */ = {isa = PBXFileReference; explicitFileType = wrapper.application; includeInIndex = 0; path = FirstPipeline.app; sourceTree = BUILT_PRODUCTS_DIR; };
		DD59F9182A75778A0047E2CE /* FirstPipelineApp.swift */ = {isa = PBXFileReference; lastKnownFileType = sourcecode.swift; path = FirstPipelineApp.swift; sourceTree = "<group>"; };
		DD59F91C2A75778B0047E2CE /* Assets.xcassets */ = {isa = PBXFileReference; lastKnownFileType = folder.assetcatalog; path = Assets.xcassets; sourceTree = "<group>"; };
		DD59F91F2A75778B0047E2CE /* Preview Assets.xcassets */ = {isa = PBXFileReference; lastKnownFileType = folder.assetcatalog; path = "Preview Assets.xcassets"; sourceTree = "<group>"; };
		DD59F9262A7577C70047E2CE /* HeaderView.swift */ = {isa = PBXFileReference; lastKnownFileType = sourcecode.swift; path = HeaderView.swift; sourceTree = "<group>"; };
		DD59F9282A7578A80047E2CE /* DescView.swift */ = {isa = PBXFileReference; lastKnownFileType = sourcecode.swift; path = DescView.swift; sourceTree = "<group>"; };
		DD59F92A2A75796B0047E2CE /* FirstPipelineViewModel.swift */ = {isa = PBXFileReference; lastKnownFileType = sourcecode.swift; path = FirstPipelineViewModel.swift; sourceTree = "<group>"; };
		DD59F92D2A7670BF0047E2CE /* FirstPipelineView.swift */ = {isa = PBXFileReference; lastKnownFileType = sourcecode.swift; path = FirstPipelineView.swift; sourceTree = "<group>"; };
		DD59F9352A7845230047E2CE /* LongRunningView.swift */ = {isa = PBXFileReference; lastKnownFileType = sourcecode.swift; path = LongRunningView.swift; sourceTree = "<group>"; };
		DD59F9392A78453D0047E2CE /* LongRunnningViewModel.swift */ = {isa = PBXFileReference; lastKnownFileType = sourcecode.swift; path = LongRunnningViewModel.swift; sourceTree = "<group>"; };
		DD59F93E2A7850140047E2CE /* CancellingMulitPipeViewModel.swift */ = {isa = PBXFileReference; lastKnownFileType = sourcecode.swift; path = CancellingMulitPipeViewModel.swift; sourceTree = "<group>"; };
		DD59F9402A7851920047E2CE /* CancellingMulitPipeView.swift */ = {isa = PBXFileReference; lastKnownFileType = sourcecode.swift; path = CancellingMulitPipeView.swift; sourceTree = "<group>"; };
		DD59F9472A799AB50047E2CE /* Published_IntroductionView.swift */ = {isa = PBXFileReference; lastKnownFileType = sourcecode.swift; path = Published_IntroductionView.swift; sourceTree = "<group>"; };
		DD59F94A2A799AC50047E2CE /* Published_IntroductionViewModel.swift */ = {isa = PBXFileReference; lastKnownFileType = sourcecode.swift; path = Published_IntroductionViewModel.swift; sourceTree = "<group>"; };
		DD59F94F2A79A2780047E2CE /* CurrentValueSubject_IntroViewModel.swift */ = {isa = PBXFileReference; lastKnownFileType = sourcecode.swift; path = CurrentValueSubject_IntroViewModel.swift; sourceTree = "<group>"; };
		DD59F9512A79A9E10047E2CE /* CurrentValueSubject_IntroView.swift */ = {isa = PBXFileReference; lastKnownFileType = sourcecode.swift; path = CurrentValueSubject_IntroView.swift; sourceTree = "<group>"; };
		DE95DA882A8221DB00691C6B /* Future_RunMultipleTimesViewModel.swift */ = {isa = PBXFileReference; lastKnownFileType = sourcecode.swift; path = Future_RunMultipleTimesViewModel.swift; sourceTree = "<group>"; };
		DE95DA8A2A82229900691C6B /* Future_RunMultipleTimesView.swift */ = {isa = PBXFileReference; lastKnownFileType = sourcecode.swift; path = Future_RunMultipleTimesView.swift; sourceTree = "<group>"; };
		DE95DA8F2A8224EF00691C6B /* JustViewModel.swift */ = {isa = PBXFileReference; lastKnownFileType = sourcecode.swift; path = JustViewModel.swift; sourceTree = "<group>"; };
		DE95DA912A82270600691C6B /* JustView.swift */ = {isa = PBXFileReference; lastKnownFileType = sourcecode.swift; path = JustView.swift; sourceTree = "<group>"; };
		DE95DA962A82290300691C6B /* PassthroughSubjectViewModel.swift */ = {isa = PBXFileReference; lastKnownFileType = sourcecode.swift; path = PassthroughSubjectViewModel.swift; sourceTree = "<group>"; };
		DE95DA982A822A6500691C6B /* PassthroughSubjectView.swift */ = {isa = PBXFileReference; lastKnownFileType = sourcecode.swift; path = PassthroughSubjectView.swift; sourceTree = "<group>"; };
		DE95DA9D2A83793600691C6B /* SequenceViewModel.swift */ = {isa = PBXFileReference; lastKnownFileType = sourcecode.swift; path = SequenceViewModel.swift; sourceTree = "<group>"; };
		DE95DAA12A837A4B00691C6B /* SequnceView.swift */ = {isa = PBXFileReference; lastKnownFileType = sourcecode.swift; path = SequnceView.swift; sourceTree = "<group>"; };
		DE95DAA62A837BD400691C6B /* TimerViewModel.swift */ = {isa = PBXFileReference; lastKnownFileType = sourcecode.swift; path = TimerViewModel.swift; sourceTree = "<group>"; };
		DE95DAA82A837CEA00691C6B /* TimerView.swift */ = {isa = PBXFileReference; lastKnownFileType = sourcecode.swift; path = TimerView.swift; sourceTree = "<group>"; };
		DE95DAAB2A8381C600691C6B /* TimerConnectViewModel.swift */ = {isa = PBXFileReference; lastKnownFileType = sourcecode.swift; path = TimerConnectViewModel.swift; sourceTree = "<group>"; };
		DE95DAAD2A8382A300691C6B /* TimerConnectView.swift */ = {isa = PBXFileReference; lastKnownFileType = sourcecode.swift; path = TimerConnectView.swift; sourceTree = "<group>"; };
		DE95DAB22A83A2F300691C6B /* DataTaskPublisherViewModel.swift */ = {isa = PBXFileReference; lastKnownFileType = sourcecode.swift; path = DataTaskPublisherViewModel.swift; sourceTree = "<group>"; };
		DE95DAB52A83A32500691C6B /* CatFact.swift */ = {isa = PBXFileReference; lastKnownFileType = sourcecode.swift; path = CatFact.swift; sourceTree = "<group>"; };
		DE95DAB72A83A3F800691C6B /* DataTaskPublisherView.swift */ = {isa = PBXFileReference; lastKnownFileType = sourcecode.swift; path = DataTaskPublisherView.swift; sourceTree = "<group>"; };
		DE95DAB92A83CAFB00691C6B /* ErrorForAlert.swift */ = {isa = PBXFileReference; lastKnownFileType = sourcecode.swift; path = ErrorForAlert.swift; sourceTree = "<group>"; };
		DE95DABE2A83CE8400691C6B /* DataTaskPublisherImgViewModel.swift */ = {isa = PBXFileReference; lastKnownFileType = sourcecode.swift; path = DataTaskPublisherImgViewModel.swift; sourceTree = "<group>"; };
		DE95DAC02A83D03700691C6B /* DataTaskPublisherImgView.swift */ = {isa = PBXFileReference; lastKnownFileType = sourcecode.swift; path = DataTaskPublisherImgView.swift; sourceTree = "<group>"; };
		DE95DACF2A8517AD00691C6B /* AllSatisfyViewModel.swift */ = {isa = PBXFileReference; lastKnownFileType = sourcecode.swift; path = AllSatisfyViewModel.swift; sourceTree = "<group>"; };
		DE95DAD12A85187900691C6B /* AllSatisfyView.swift */ = {isa = PBXFileReference; lastKnownFileType = sourcecode.swift; path = AllSatisfyView.swift; sourceTree = "<group>"; };
		DE95DAD62A852C3800691C6B /* TryAllSatisfyViewModel.swift */ = {isa = PBXFileReference; lastKnownFileType = sourcecode.swift; path = TryAllSatisfyViewModel.swift; sourceTree = "<group>"; };
		DE95DAD92A852C8000691C6B /* InvalidNumberError.swift */ = {isa = PBXFileReference; lastKnownFileType = sourcecode.swift; path = InvalidNumberError.swift; sourceTree = "<group>"; };
		DE95DADB2A852E6600691C6B /* TryAllSatisfyView.swift */ = {isa = PBXFileReference; lastKnownFileType = sourcecode.swift; path = TryAllSatisfyView.swift; sourceTree = "<group>"; };
		DE95DAE02A86152100691C6B /* ContainsViewModel.swift */ = {isa = PBXFileReference; lastKnownFileType = sourcecode.swift; path = ContainsViewModel.swift; sourceTree = "<group>"; };
		DE95DAE22A86164100691C6B /* ContainsView.swift */ = {isa = PBXFileReference; lastKnownFileType = sourcecode.swift; path = ContainsView.swift; sourceTree = "<group>"; };
		DE95DAE82A864C6C00691C6B /* ContainsWhereViewModel.swift */ = {isa = PBXFileReference; lastKnownFileType = sourcecode.swift; path = ContainsWhereViewModel.swift; sourceTree = "<group>"; };
		DE95DAEB2A864CDF00691C6B /* Fruit.swift */ = {isa = PBXFileReference; lastKnownFileType = sourcecode.swift; path = Fruit.swift; sourceTree = "<group>"; };
		DE95DAED2A864DD500691C6B /* ContainsWhereView.swift */ = {isa = PBXFileReference; lastKnownFileType = sourcecode.swift; path = ContainsWhereView.swift; sourceTree = "<group>"; };
		DE95DAF32A864F2700691C6B /* InvalidSelectionError.swift */ = {isa = PBXFileReference; lastKnownFileType = sourcecode.swift; path = InvalidSelectionError.swift; sourceTree = "<group>"; };
		DE95DAF52A864F6300691C6B /* TryContainsWhereViewModel.swift */ = {isa = PBXFileReference; lastKnownFileType = sourcecode.swift; path = TryContainsWhereViewModel.swift; sourceTree = "<group>"; };
		DE95DAF72A86505A00691C6B /* TryContainsWhereView.swift */ = {isa = PBXFileReference; lastKnownFileType = sourcecode.swift; path = TryContainsWhereView.swift; sourceTree = "<group>"; };
		DE95DAFC2A86714A00691C6B /* CountViewModel.swift */ = {isa = PBXFileReference; lastKnownFileType = sourcecode.swift; path = CountViewModel.swift; sourceTree = "<group>"; };
		DE95DAFE2A8671FF00691C6B /* CountView.swift */ = {isa = PBXFileReference; lastKnownFileType = sourcecode.swift; path = CountView.swift; sourceTree = "<group>"; };
		DE95DB012A8672C100691C6B /* CountDetailView.swift */ = {isa = PBXFileReference; lastKnownFileType = sourcecode.swift; path = CountDetailView.swift; sourceTree = "<group>"; };
		DE95DB062A8680FB00691C6B /* MaxViewModel.swift */ = {isa = PBXFileReference; lastKnownFileType = sourcecode.swift; path = MaxViewModel.swift; sourceTree = "<group>"; };
		DE95DB082A8681A300691C6B /* MaxView.swift */ = {isa = PBXFileReference; lastKnownFileType = sourcecode.swift; path = MaxView.swift; sourceTree = "<group>"; };
		DED0BA8B2A80DDE9000F9149 /* EmptyViewModel.swift */ = {isa = PBXFileReference; lastKnownFileType = sourcecode.swift; path = EmptyViewModel.swift; sourceTree = "<group>"; };
		DED0BA8E2A80DF27000F9149 /* EmptyIntroductionView.swift */ = {isa = PBXFileReference; lastKnownFileType = sourcecode.swift; path = EmptyIntroductionView.swift; sourceTree = "<group>"; };
		DED0BA942A80E625000F9149 /* InvalidAgeError.swift */ = {isa = PBXFileReference; lastKnownFileType = sourcecode.swift; path = InvalidAgeError.swift; sourceTree = "<group>"; };
		DED0BA962A80E65D000F9149 /* Validators.swift */ = {isa = PBXFileReference; lastKnownFileType = sourcecode.swift; path = Validators.swift; sourceTree = "<group>"; };
		DED0BA982A80E6D7000F9149 /* FailViewModel.swift */ = {isa = PBXFileReference; lastKnownFileType = sourcecode.swift; path = FailViewModel.swift; sourceTree = "<group>"; };
		DED0BA9A2A80E750000F9149 /* FailView.swift */ = {isa = PBXFileReference; lastKnownFileType = sourcecode.swift; path = FailView.swift; sourceTree = "<group>"; };
		DED0BA9F2A813154000F9149 /* FutureViewModel.swift */ = {isa = PBXFileReference; lastKnownFileType = sourcecode.swift; path = FutureViewModel.swift; sourceTree = "<group>"; };
		DED0BAA12A813286000F9149 /* FutureView.swift */ = {isa = PBXFileReference; lastKnownFileType = sourcecode.swift; path = FutureView.swift; sourceTree = "<group>"; };
		DED0BAA32A81342D000F9149 /* Future_ImmediateViewModel.swift */ = {isa = PBXFileReference; lastKnownFileType = sourcecode.swift; path = Future_ImmediateViewModel.swift; sourceTree = "<group>"; };
		DED0BAA52A813498000F9149 /* Future_ImmediateView.swift */ = {isa = PBXFileReference; lastKnownFileType = sourcecode.swift; path = Future_ImmediateView.swift; sourceTree = "<group>"; };
		DED0BAA82A821FE5000F9149 /* Future_OnlyRunsOnceViewModel.swift */ = {isa = PBXFileReference; lastKnownFileType = sourcecode.swift; path = Future_OnlyRunsOnceViewModel.swift; sourceTree = "<group>"; };
		DED0BAAA2A8220AD000F9149 /* Future_OnlyRunsOnceView.swift */ = {isa = PBXFileReference; lastKnownFileType = sourcecode.swift; path = Future_OnlyRunsOnceView.swift; sourceTree = "<group>"; };
/* End PBXFileReference section */

/* Begin PBXFrameworksBuildPhase section */
		DD59F9122A75778A0047E2CE /* Frameworks */ = {
			isa = PBXFrameworksBuildPhase;
			buildActionMask = 2147483647;
			files = (
			);
			runOnlyForDeploymentPostprocessing = 0;
		};
/* End PBXFrameworksBuildPhase section */

/* Begin PBXGroup section */
		DD59F90C2A75778A0047E2CE = {
			isa = PBXGroup;
			children = (
				DD59F9172A75778A0047E2CE /* FirstPipeline */,
				DD59F9162A75778A0047E2CE /* Products */,
			);
			sourceTree = "<group>";
		};
		DD59F9162A75778A0047E2CE /* Products */ = {
			isa = PBXGroup;
			children = (
				DD59F9152A75778A0047E2CE /* FirstPipeline.app */,
			);
			name = Products;
			sourceTree = "<group>";
		};
		DD59F9172A75778A0047E2CE /* FirstPipeline */ = {
			isa = PBXGroup;
			children = (
				DE95DB032A8680E000691C6B /* Max */,
				DE95DAF92A86712F00691C6B /* Count */,
				DE95DAEF2A864EBE00691C6B /* TryContainsWhere */,
				DE95DAE42A864C4300691C6B /* ContainsWhere */,
				DE95DADD2A86150100691C6B /* Contains */,
				DE95DAD32A852BAE00691C6B /* TryAllSatisfy */,
				DE95DACC2A85177600691C6B /* AllSatisfy */,
				DE95DABB2A83CE5200691C6B /* DataTaskPublisherImg */,
				DE95DAAF2A83A2CF00691C6B /* DataTaskPublisher */,
				DE95DAA32A837BBB00691C6B /* Timer */,
				DE95DA9A2A83791600691C6B /* Sequence */,
				DE95DA932A8228D900691C6B /* PassthroughSubject */,
				DE95DA8C2A8224D300691C6B /* Just */,
				DED0BA9C2A81313E000F9149 /* Future */,
				DED0BA902A80E5FF000F9149 /* Fail */,
				DED0BA882A80DDC6000F9149 /* Empty */,
				DD59F94C2A79A2600047E2CE /* CurrentValueSubject_Intro */,
				DD59F9422A799A950047E2CE /* Published_Introduction */,
				DD59F93B2A784FEB0047E2CE /* CancellingMultiPipeline */,
				DD59F9342A7845100047E2CE /* LongRunningPipeline */,
				DD59F92C2A7670AA0047E2CE /* FirstPipeline */,
				DD59F9312A7670FD0047E2CE /* Components */,
				DD59F9322A7671440047E2CE /* App */,
				DD59F91E2A75778B0047E2CE /* Preview Content */,
			);
			path = FirstPipeline;
			sourceTree = "<group>";
		};
		DD59F91E2A75778B0047E2CE /* Preview Content */ = {
			isa = PBXGroup;
			children = (
				DD59F91F2A75778B0047E2CE /* Preview Assets.xcassets */,
			);
			path = "Preview Content";
			sourceTree = "<group>";
		};
		DD59F92C2A7670AA0047E2CE /* FirstPipeline */ = {
			isa = PBXGroup;
			children = (
				DD59F9302A7670F20047E2CE /* View */,
				DD59F92F2A7670E50047E2CE /* ViewModel */,
			);
			path = FirstPipeline;
			sourceTree = "<group>";
		};
		DD59F92F2A7670E50047E2CE /* ViewModel */ = {
			isa = PBXGroup;
			children = (
				DD59F92A2A75796B0047E2CE /* FirstPipelineViewModel.swift */,
			);
			path = ViewModel;
			sourceTree = "<group>";
		};
		DD59F9302A7670F20047E2CE /* View */ = {
			isa = PBXGroup;
			children = (
				DD59F92D2A7670BF0047E2CE /* FirstPipelineView.swift */,
			);
			path = View;
			sourceTree = "<group>";
		};
		DD59F9312A7670FD0047E2CE /* Components */ = {
			isa = PBXGroup;
			children = (
				DD59F9262A7577C70047E2CE /* HeaderView.swift */,
				DD59F9282A7578A80047E2CE /* DescView.swift */,
			);
			path = Components;
			sourceTree = "<group>";
		};
		DD59F9322A7671440047E2CE /* App */ = {
			isa = PBXGroup;
			children = (
				DD59F9182A75778A0047E2CE /* FirstPipelineApp.swift */,
				DD59F91C2A75778B0047E2CE /* Assets.xcassets */,
			);
			path = App;
			sourceTree = "<group>";
		};
		DD59F9342A7845100047E2CE /* LongRunningPipeline */ = {
			isa = PBXGroup;
			children = (
				DD59F9382A78452F0047E2CE /* ViewModel */,
				DD59F9372A7845280047E2CE /* View */,
			);
			path = LongRunningPipeline;
			sourceTree = "<group>";
		};
		DD59F9372A7845280047E2CE /* View */ = {
			isa = PBXGroup;
			children = (
				DD59F9352A7845230047E2CE /* LongRunningView.swift */,
			);
			path = View;
			sourceTree = "<group>";
		};
		DD59F9382A78452F0047E2CE /* ViewModel */ = {
			isa = PBXGroup;
			children = (
				DD59F9392A78453D0047E2CE /* LongRunnningViewModel.swift */,
			);
			path = ViewModel;
			sourceTree = "<group>";
		};
		DD59F93B2A784FEB0047E2CE /* CancellingMultiPipeline */ = {
			isa = PBXGroup;
			children = (
				DD59F93D2A7850000047E2CE /* ViewModel */,
				DD59F93C2A784FFC0047E2CE /* View */,
			);
			path = CancellingMultiPipeline;
			sourceTree = "<group>";
		};
		DD59F93C2A784FFC0047E2CE /* View */ = {
			isa = PBXGroup;
			children = (
				DD59F9402A7851920047E2CE /* CancellingMulitPipeView.swift */,
			);
			path = View;
			sourceTree = "<group>";
		};
		DD59F93D2A7850000047E2CE /* ViewModel */ = {
			isa = PBXGroup;
			children = (
				DD59F93E2A7850140047E2CE /* CancellingMulitPipeViewModel.swift */,
			);
			path = ViewModel;
			sourceTree = "<group>";
		};
		DD59F9422A799A950047E2CE /* Published_Introduction */ = {
			isa = PBXGroup;
			children = (
				DD59F9442A799AA00047E2CE /* ViewModel */,
				DD59F9432A799A9C0047E2CE /* View */,
			);
			path = Published_Introduction;
			sourceTree = "<group>";
		};
		DD59F9432A799A9C0047E2CE /* View */ = {
			isa = PBXGroup;
			children = (
				DD59F9472A799AB50047E2CE /* Published_IntroductionView.swift */,
			);
			path = View;
			sourceTree = "<group>";
		};
		DD59F9442A799AA00047E2CE /* ViewModel */ = {
			isa = PBXGroup;
			children = (
				DD59F94A2A799AC50047E2CE /* Published_IntroductionViewModel.swift */,
			);
			path = ViewModel;
			sourceTree = "<group>";
		};
		DD59F94C2A79A2600047E2CE /* CurrentValueSubject_Intro */ = {
			isa = PBXGroup;
			children = (
				DD59F94E2A79A2680047E2CE /* ViewModel */,
				DD59F94D2A79A2650047E2CE /* View */,
			);
			path = CurrentValueSubject_Intro;
			sourceTree = "<group>";
		};
		DD59F94D2A79A2650047E2CE /* View */ = {
			isa = PBXGroup;
			children = (
				DD59F9512A79A9E10047E2CE /* CurrentValueSubject_IntroView.swift */,
			);
			path = View;
			sourceTree = "<group>";
		};
		DD59F94E2A79A2680047E2CE /* ViewModel */ = {
			isa = PBXGroup;
			children = (
				DD59F94F2A79A2780047E2CE /* CurrentValueSubject_IntroViewModel.swift */,
			);
			path = ViewModel;
			sourceTree = "<group>";
		};
		DE95DA8C2A8224D300691C6B /* Just */ = {
			isa = PBXGroup;
			children = (
				DE95DA8E2A8224DF00691C6B /* ViewModel */,
				DE95DA8D2A8224DB00691C6B /* View */,
			);
			path = Just;
			sourceTree = "<group>";
		};
		DE95DA8D2A8224DB00691C6B /* View */ = {
			isa = PBXGroup;
			children = (
				DE95DA912A82270600691C6B /* JustView.swift */,
			);
			path = View;
			sourceTree = "<group>";
		};
		DE95DA8E2A8224DF00691C6B /* ViewModel */ = {
			isa = PBXGroup;
			children = (
				DE95DA8F2A8224EF00691C6B /* JustViewModel.swift */,
			);
			path = ViewModel;
			sourceTree = "<group>";
		};
		DE95DA932A8228D900691C6B /* PassthroughSubject */ = {
			isa = PBXGroup;
			children = (
				DE95DA952A8228E700691C6B /* ViewModel */,
				DE95DA942A8228E500691C6B /* View */,
			);
			path = PassthroughSubject;
			sourceTree = "<group>";
		};
		DE95DA942A8228E500691C6B /* View */ = {
			isa = PBXGroup;
			children = (
				DE95DA982A822A6500691C6B /* PassthroughSubjectView.swift */,
			);
			path = View;
			sourceTree = "<group>";
		};
		DE95DA952A8228E700691C6B /* ViewModel */ = {
			isa = PBXGroup;
			children = (
				DE95DA962A82290300691C6B /* PassthroughSubjectViewModel.swift */,
			);
			path = ViewModel;
			sourceTree = "<group>";
		};
		DE95DA9A2A83791600691C6B /* Sequence */ = {
			isa = PBXGroup;
			children = (
				DE95DA9C2A83791E00691C6B /* ViewModel */,
				DE95DA9B2A83791C00691C6B /* View */,
			);
			path = Sequence;
			sourceTree = "<group>";
		};
		DE95DA9B2A83791C00691C6B /* View */ = {
			isa = PBXGroup;
			children = (
				DE95DAA12A837A4B00691C6B /* SequnceView.swift */,
			);
			path = View;
			sourceTree = "<group>";
		};
		DE95DA9C2A83791E00691C6B /* ViewModel */ = {
			isa = PBXGroup;
			children = (
				DE95DA9D2A83793600691C6B /* SequenceViewModel.swift */,
			);
			path = ViewModel;
			sourceTree = "<group>";
		};
		DE95DAA32A837BBB00691C6B /* Timer */ = {
			isa = PBXGroup;
			children = (
				DE95DAA52A837BC300691C6B /* ViewMoel */,
				DE95DAA42A837BC100691C6B /* View */,
			);
			path = Timer;
			sourceTree = "<group>";
		};
		DE95DAA42A837BC100691C6B /* View */ = {
			isa = PBXGroup;
			children = (
				DE95DAA82A837CEA00691C6B /* TimerView.swift */,
				DE95DAAD2A8382A300691C6B /* TimerConnectView.swift */,
			);
			path = View;
			sourceTree = "<group>";
		};
		DE95DAA52A837BC300691C6B /* ViewMoel */ = {
			isa = PBXGroup;
			children = (
				DE95DAA62A837BD400691C6B /* TimerViewModel.swift */,
				DE95DAAB2A8381C600691C6B /* TimerConnectViewModel.swift */,
			);
			path = ViewMoel;
			sourceTree = "<group>";
		};
		DE95DAAF2A83A2CF00691C6B /* DataTaskPublisher */ = {
			isa = PBXGroup;
			children = (
				DE95DAB42A83A31A00691C6B /* Model */,
				DE95DAB12A83A2DD00691C6B /* ViewModel */,
				DE95DAB02A83A2D800691C6B /* View */,
			);
			path = DataTaskPublisher;
			sourceTree = "<group>";
		};
		DE95DAB02A83A2D800691C6B /* View */ = {
			isa = PBXGroup;
			children = (
				DE95DAB72A83A3F800691C6B /* DataTaskPublisherView.swift */,
			);
			path = View;
			sourceTree = "<group>";
		};
		DE95DAB12A83A2DD00691C6B /* ViewModel */ = {
			isa = PBXGroup;
			children = (
				DE95DAB22A83A2F300691C6B /* DataTaskPublisherViewModel.swift */,
			);
			path = ViewModel;
			sourceTree = "<group>";
		};
		DE95DAB42A83A31A00691C6B /* Model */ = {
			isa = PBXGroup;
			children = (
				DE95DAB52A83A32500691C6B /* CatFact.swift */,
				DE95DAB92A83CAFB00691C6B /* ErrorForAlert.swift */,
			);
			path = Model;
			sourceTree = "<group>";
		};
		DE95DABB2A83CE5200691C6B /* DataTaskPublisherImg */ = {
			isa = PBXGroup;
			children = (
				DE95DABD2A83CE6300691C6B /* ViewModel */,
				DE95DABC2A83CE5F00691C6B /* View */,
			);
			path = DataTaskPublisherImg;
			sourceTree = "<group>";
		};
		DE95DABC2A83CE5F00691C6B /* View */ = {
			isa = PBXGroup;
			children = (
				DE95DAC02A83D03700691C6B /* DataTaskPublisherImgView.swift */,
			);
			path = View;
			sourceTree = "<group>";
		};
		DE95DABD2A83CE6300691C6B /* ViewModel */ = {
			isa = PBXGroup;
			children = (
				DE95DABE2A83CE8400691C6B /* DataTaskPublisherImgViewModel.swift */,
			);
			path = ViewModel;
			sourceTree = "<group>";
		};
		DE95DACC2A85177600691C6B /* AllSatisfy */ = {
			isa = PBXGroup;
			children = (
				DE95DACE2A85177F00691C6B /* ViewModel */,
				DE95DACD2A85177D00691C6B /* View */,
			);
			path = AllSatisfy;
			sourceTree = "<group>";
		};
		DE95DACD2A85177D00691C6B /* View */ = {
			isa = PBXGroup;
			children = (
				DE95DAD12A85187900691C6B /* AllSatisfyView.swift */,
			);
			path = View;
			sourceTree = "<group>";
		};
		DE95DACE2A85177F00691C6B /* ViewModel */ = {
			isa = PBXGroup;
			children = (
				DE95DACF2A8517AD00691C6B /* AllSatisfyViewModel.swift */,
			);
			path = ViewModel;
			sourceTree = "<group>";
		};
		DE95DAD32A852BAE00691C6B /* TryAllSatisfy */ = {
			isa = PBXGroup;
			children = (
				DE95DAD82A852C7200691C6B /* Helpers */,
				DE95DAD52A852BB700691C6B /* ViewModel */,
				DE95DAD42A852BB500691C6B /* View */,
			);
			path = TryAllSatisfy;
			sourceTree = "<group>";
		};
		DE95DAD42A852BB500691C6B /* View */ = {
			isa = PBXGroup;
			children = (
				DE95DADB2A852E6600691C6B /* TryAllSatisfyView.swift */,
			);
			path = View;
			sourceTree = "<group>";
		};
		DE95DAD52A852BB700691C6B /* ViewModel */ = {
			isa = PBXGroup;
			children = (
				DE95DAD62A852C3800691C6B /* TryAllSatisfyViewModel.swift */,
			);
			path = ViewModel;
			sourceTree = "<group>";
		};
		DE95DAD82A852C7200691C6B /* Helpers */ = {
			isa = PBXGroup;
			children = (
				DE95DAD92A852C8000691C6B /* InvalidNumberError.swift */,
			);
			path = Helpers;
			sourceTree = "<group>";
		};
		DE95DADD2A86150100691C6B /* Contains */ = {
			isa = PBXGroup;
			children = (
				DE95DADF2A86150B00691C6B /* View */,
				DE95DADE2A86150800691C6B /* ViewModel */,
			);
			path = Contains;
			sourceTree = "<group>";
		};
		DE95DADE2A86150800691C6B /* ViewModel */ = {
			isa = PBXGroup;
			children = (
				DE95DAE02A86152100691C6B /* ContainsViewModel.swift */,
			);
			path = ViewModel;
			sourceTree = "<group>";
		};
		DE95DADF2A86150B00691C6B /* View */ = {
			isa = PBXGroup;
			children = (
				DE95DAE22A86164100691C6B /* ContainsView.swift */,
			);
			path = View;
			sourceTree = "<group>";
		};
		DE95DAE42A864C4300691C6B /* ContainsWhere */ = {
			isa = PBXGroup;
			children = (
				DE95DAEA2A864CD100691C6B /* Helpers */,
				DE95DAE62A864C5300691C6B /* ViewModel */,
				DE95DAE52A864C4C00691C6B /* View */,
			);
			path = ContainsWhere;
			sourceTree = "<group>";
		};
		DE95DAE52A864C4C00691C6B /* View */ = {
			isa = PBXGroup;
			children = (
				DE95DAED2A864DD500691C6B /* ContainsWhereView.swift */,
			);
			path = View;
			sourceTree = "<group>";
		};
		DE95DAE62A864C5300691C6B /* ViewModel */ = {
			isa = PBXGroup;
			children = (
				DE95DAE82A864C6C00691C6B /* ContainsWhereViewModel.swift */,
			);
			path = ViewModel;
			sourceTree = "<group>";
		};
		DE95DAEA2A864CD100691C6B /* Helpers */ = {
			isa = PBXGroup;
			children = (
				DE95DAEB2A864CDF00691C6B /* Fruit.swift */,
			);
			path = Helpers;
			sourceTree = "<group>";
		};
		DE95DAEF2A864EBE00691C6B /* TryContainsWhere */ = {
			isa = PBXGroup;
			children = (
				DE95DAF22A864F1200691C6B /* Helpers */,
				DE95DAF12A864ED900691C6B /* ViewModel */,
				DE95DAF02A864ED200691C6B /* View */,
			);
			path = TryContainsWhere;
			sourceTree = "<group>";
		};
		DE95DAF02A864ED200691C6B /* View */ = {
			isa = PBXGroup;
			children = (
				DE95DAF72A86505A00691C6B /* TryContainsWhereView.swift */,
			);
			path = View;
			sourceTree = "<group>";
		};
		DE95DAF12A864ED900691C6B /* ViewModel */ = {
			isa = PBXGroup;
			children = (
				DE95DAF52A864F6300691C6B /* TryContainsWhereViewModel.swift */,
			);
			path = ViewModel;
			sourceTree = "<group>";
		};
		DE95DAF22A864F1200691C6B /* Helpers */ = {
			isa = PBXGroup;
			children = (
				DE95DAF32A864F2700691C6B /* InvalidSelectionError.swift */,
			);
			path = Helpers;
			sourceTree = "<group>";
		};
		DE95DAF92A86712F00691C6B /* Count */ = {
			isa = PBXGroup;
			children = (
				DE95DAFB2A86713A00691C6B /* ViewModel */,
				DE95DAFA2A86713800691C6B /* View */,
			);
			path = Count;
			sourceTree = "<group>";
		};
		DE95DAFA2A86713800691C6B /* View */ = {
			isa = PBXGroup;
			children = (
				DE95DAFE2A8671FF00691C6B /* CountView.swift */,
				DE95DB012A8672C100691C6B /* CountDetailView.swift */,
			);
			path = View;
			sourceTree = "<group>";
		};
		DE95DAFB2A86713A00691C6B /* ViewModel */ = {
			isa = PBXGroup;
			children = (
				DE95DAFC2A86714A00691C6B /* CountViewModel.swift */,
			);
			path = ViewModel;
			sourceTree = "<group>";
		};
		DE95DB032A8680E000691C6B /* Max */ = {
			isa = PBXGroup;
			children = (
				DE95DB052A8680E700691C6B /* ViewModel */,
				DE95DB042A8680E500691C6B /* View */,
			);
			path = Max;
			sourceTree = "<group>";
		};
		DE95DB042A8680E500691C6B /* View */ = {
			isa = PBXGroup;
			children = (
				DE95DB082A8681A300691C6B /* MaxView.swift */,
			);
			path = View;
			sourceTree = "<group>";
		};
		DE95DB052A8680E700691C6B /* ViewModel */ = {
			isa = PBXGroup;
			children = (
				DE95DB062A8680FB00691C6B /* MaxViewModel.swift */,
			);
			path = ViewModel;
			sourceTree = "<group>";
		};
		DED0BA882A80DDC6000F9149 /* Empty */ = {
			isa = PBXGroup;
			children = (
				DED0BA8A2A80DDCF000F9149 /* ViewModel */,
				DED0BA892A80DDCC000F9149 /* View */,
			);
			path = Empty;
			sourceTree = "<group>";
		};
		DED0BA892A80DDCC000F9149 /* View */ = {
			isa = PBXGroup;
			children = (
				DED0BA8E2A80DF27000F9149 /* EmptyIntroductionView.swift */,
			);
			path = View;
			sourceTree = "<group>";
		};
		DED0BA8A2A80DDCF000F9149 /* ViewModel */ = {
			isa = PBXGroup;
			children = (
				DED0BA8B2A80DDE9000F9149 /* EmptyViewModel.swift */,
			);
			path = ViewModel;
			sourceTree = "<group>";
		};
		DED0BA902A80E5FF000F9149 /* Fail */ = {
			isa = PBXGroup;
			children = (
				DED0BA932A80E60E000F9149 /* ViewModel */,
				DED0BA922A80E607000F9149 /* View */,
				DED0BA912A80E603000F9149 /* Helpers */,
			);
			path = Fail;
			sourceTree = "<group>";
		};
		DED0BA912A80E603000F9149 /* Helpers */ = {
			isa = PBXGroup;
			children = (
				DED0BA942A80E625000F9149 /* InvalidAgeError.swift */,
				DED0BA962A80E65D000F9149 /* Validators.swift */,
			);
			path = Helpers;
			sourceTree = "<group>";
		};
		DED0BA922A80E607000F9149 /* View */ = {
			isa = PBXGroup;
			children = (
				DED0BA9A2A80E750000F9149 /* FailView.swift */,
			);
			path = View;
			sourceTree = "<group>";
		};
		DED0BA932A80E60E000F9149 /* ViewModel */ = {
			isa = PBXGroup;
			children = (
				DED0BA982A80E6D7000F9149 /* FailViewModel.swift */,
			);
			path = ViewModel;
			sourceTree = "<group>";
		};
		DED0BA9C2A81313E000F9149 /* Future */ = {
			isa = PBXGroup;
			children = (
				DED0BA9E2A813145000F9149 /* ViewModel */,
				DED0BA9D2A813142000F9149 /* View */,
			);
			path = Future;
			sourceTree = "<group>";
		};
		DED0BA9D2A813142000F9149 /* View */ = {
			isa = PBXGroup;
			children = (
				DED0BAA12A813286000F9149 /* FutureView.swift */,
				DED0BAA52A813498000F9149 /* Future_ImmediateView.swift */,
				DED0BAAA2A8220AD000F9149 /* Future_OnlyRunsOnceView.swift */,
				DE95DA8A2A82229900691C6B /* Future_RunMultipleTimesView.swift */,
			);
			path = View;
			sourceTree = "<group>";
		};
		DED0BA9E2A813145000F9149 /* ViewModel */ = {
			isa = PBXGroup;
			children = (
				DED0BA9F2A813154000F9149 /* FutureViewModel.swift */,
				DED0BAA32A81342D000F9149 /* Future_ImmediateViewModel.swift */,
				DED0BAA82A821FE5000F9149 /* Future_OnlyRunsOnceViewModel.swift */,
				DE95DA882A8221DB00691C6B /* Future_RunMultipleTimesViewModel.swift */,
			);
			path = ViewModel;
			sourceTree = "<group>";
		};
/* End PBXGroup section */

/* Begin PBXNativeTarget section */
		DD59F9142A75778A0047E2CE /* FirstPipeline */ = {
			isa = PBXNativeTarget;
			buildConfigurationList = DD59F9232A75778B0047E2CE /* Build configuration list for PBXNativeTarget "FirstPipeline" */;
			buildPhases = (
				DD59F9112A75778A0047E2CE /* Sources */,
				DD59F9122A75778A0047E2CE /* Frameworks */,
				DD59F9132A75778A0047E2CE /* Resources */,
			);
			buildRules = (
			);
			dependencies = (
			);
			name = FirstPipeline;
			productName = FirstPipeline;
			productReference = DD59F9152A75778A0047E2CE /* FirstPipeline.app */;
			productType = "com.apple.product-type.application";
		};
/* End PBXNativeTarget section */

/* Begin PBXProject section */
		DD59F90D2A75778A0047E2CE /* Project object */ = {
			isa = PBXProject;
			attributes = {
				BuildIndependentTargetsInParallel = 1;
				LastSwiftUpdateCheck = 1400;
				LastUpgradeCheck = 1400;
				TargetAttributes = {
					DD59F9142A75778A0047E2CE = {
						CreatedOnToolsVersion = 14.0.1;
					};
				};
			};
			buildConfigurationList = DD59F9102A75778A0047E2CE /* Build configuration list for PBXProject "FirstPipeline" */;
			compatibilityVersion = "Xcode 14.0";
			developmentRegion = en;
			hasScannedForEncodings = 0;
			knownRegions = (
				en,
				Base,
			);
			mainGroup = DD59F90C2A75778A0047E2CE;
			productRefGroup = DD59F9162A75778A0047E2CE /* Products */;
			projectDirPath = "";
			projectRoot = "";
			targets = (
				DD59F9142A75778A0047E2CE /* FirstPipeline */,
			);
		};
/* End PBXProject section */

/* Begin PBXResourcesBuildPhase section */
		DD59F9132A75778A0047E2CE /* Resources */ = {
			isa = PBXResourcesBuildPhase;
			buildActionMask = 2147483647;
			files = (
				DD59F9202A75778B0047E2CE /* Preview Assets.xcassets in Resources */,
				DD59F91D2A75778B0047E2CE /* Assets.xcassets in Resources */,
			);
			runOnlyForDeploymentPostprocessing = 0;
		};
/* End PBXResourcesBuildPhase section */

/* Begin PBXSourcesBuildPhase section */
		DD59F9112A75778A0047E2CE /* Sources */ = {
			isa = PBXSourcesBuildPhase;
			buildActionMask = 2147483647;
			files = (
				DE95DAA92A837CEA00691C6B /* TimerView.swift in Sources */,
				DD59F9482A799AB50047E2CE /* Published_IntroductionView.swift in Sources */,
				DED0BA8F2A80DF27000F9149 /* EmptyIntroductionView.swift in Sources */,
				DED0BA9B2A80E750000F9149 /* FailView.swift in Sources */,
				DE95DAD22A85187900691C6B /* AllSatisfyView.swift in Sources */,
				DED0BA992A80E6D7000F9149 /* FailViewModel.swift in Sources */,
				DD59F93A2A78453D0047E2CE /* LongRunnningViewModel.swift in Sources */,
				DE95DAB32A83A2F300691C6B /* DataTaskPublisherViewModel.swift in Sources */,
				DE95DADC2A852E6600691C6B /* TryAllSatisfyView.swift in Sources */,
				DED0BA8C2A80DDE9000F9149 /* EmptyViewModel.swift in Sources */,
				DE95DA922A82270600691C6B /* JustView.swift in Sources */,
				DE95DB092A8681A300691C6B /* MaxView.swift in Sources */,
				DE95DAF62A864F6300691C6B /* TryContainsWhereViewModel.swift in Sources */,
				DE95DAFF2A8671FF00691C6B /* CountView.swift in Sources */,
				DD59F9522A79A9E10047E2CE /* CurrentValueSubject_IntroView.swift in Sources */,
				DE95DB022A8672C100691C6B /* CountDetailView.swift in Sources */,
				DE95DAEC2A864CDF00691C6B /* Fruit.swift in Sources */,
				DED0BAA62A813498000F9149 /* Future_ImmediateView.swift in Sources */,
				DE95DADA2A852C8000691C6B /* InvalidNumberError.swift in Sources */,
				DE95DAD72A852C3800691C6B /* TryAllSatisfyViewModel.swift in Sources */,
				DE95DAF82A86505A00691C6B /* TryContainsWhereView.swift in Sources */,
				DE95DA992A822A6500691C6B /* PassthroughSubjectView.swift in Sources */,
				DD59F9412A7851920047E2CE /* CancellingMulitPipeView.swift in Sources */,
				DE95DAEE2A864DD500691C6B /* ContainsWhereView.swift in Sources */,
				DE95DAAE2A8382A300691C6B /* TimerConnectView.swift in Sources */,
				DD59F9272A7577C70047E2CE /* HeaderView.swift in Sources */,
				DE95DAFD2A86714A00691C6B /* CountViewModel.swift in Sources */,
				DE95DAAC2A8381C600691C6B /* TimerConnectViewModel.swift in Sources */,
				DE95DAA72A837BD400691C6B /* TimerViewModel.swift in Sources */,
				DD59F93F2A7850140047E2CE /* CancellingMulitPipeViewModel.swift in Sources */,
				DD59F92B2A75796B0047E2CE /* FirstPipelineViewModel.swift in Sources */,
				DED0BAAB2A8220AD000F9149 /* Future_OnlyRunsOnceView.swift in Sources */,
				DE95DAB62A83A32500691C6B /* CatFact.swift in Sources */,
				DE95DAE32A86164100691C6B /* ContainsView.swift in Sources */,
				DED0BA972A80E65D000F9149 /* Validators.swift in Sources */,
				DD59F9502A79A2780047E2CE /* CurrentValueSubject_IntroViewModel.swift in Sources */,
				DE95DAE12A86152100691C6B /* ContainsViewModel.swift in Sources */,
				DD59F94B2A799AC50047E2CE /* Published_IntroductionViewModel.swift in Sources */,
				DE95DABA2A83CAFB00691C6B /* ErrorForAlert.swift in Sources */,
				DE95DAE92A864C6C00691C6B /* ContainsWhereViewModel.swift in Sources */,
				DD59F9362A7845230047E2CE /* LongRunningView.swift in Sources */,
				DE95DA8B2A82229900691C6B /* Future_RunMultipleTimesView.swift in Sources */,
				DD59F92E2A7670BF0047E2CE /* FirstPipelineView.swift in Sources */,
				DD59F9192A75778A0047E2CE /* FirstPipelineApp.swift in Sources */,
				DE95DB072A8680FB00691C6B /* MaxViewModel.swift in Sources */,
				DED0BAA92A821FE5000F9149 /* Future_OnlyRunsOnceViewModel.swift in Sources */,
				DE95DA9E2A83793600691C6B /* SequenceViewModel.swift in Sources */,
				DED0BAA42A81342D000F9149 /* Future_ImmediateViewModel.swift in Sources */,
				DED0BA952A80E625000F9149 /* InvalidAgeError.swift in Sources */,
				DE95DAC12A83D03700691C6B /* DataTaskPublisherImgView.swift in Sources */,
				DED0BAA22A813286000F9149 /* FutureView.swift in Sources */,
				DE95DABF2A83CE8400691C6B /* DataTaskPublisherImgViewModel.swift in Sources */,
				DE95DA902A8224EF00691C6B /* JustViewModel.swift in Sources */,
				DE95DAA22A837A4B00691C6B /* SequnceView.swift in Sources */,
				DE95DA972A82290300691C6B /* PassthroughSubjectViewModel.swift in Sources */,
				DE95DAB82A83A3F800691C6B /* DataTaskPublisherView.swift in Sources */,
				DE95DAF42A864F2700691C6B /* InvalidSelectionError.swift in Sources */,
				DE95DAD02A8517AD00691C6B /* AllSatisfyViewModel.swift in Sources */,
				DD59F9292A7578A80047E2CE /* DescView.swift in Sources */,
				DE95DA892A8221DB00691C6B /* Future_RunMultipleTimesViewModel.swift in Sources */,
				DED0BAA02A813154000F9149 /* FutureViewModel.swift in Sources */,
			);
			runOnlyForDeploymentPostprocessing = 0;
		};
/* End PBXSourcesBuildPhase section */

/* Begin XCBuildConfiguration section */
		DD59F9212A75778B0047E2CE /* Debug */ = {
			isa = XCBuildConfiguration;
			buildSettings = {
				ALWAYS_SEARCH_USER_PATHS = NO;
				CLANG_ANALYZER_NONNULL = YES;
				CLANG_ANALYZER_NUMBER_OBJECT_CONVERSION = YES_AGGRESSIVE;
				CLANG_CXX_LANGUAGE_STANDARD = "gnu++20";
				CLANG_ENABLE_MODULES = YES;
				CLANG_ENABLE_OBJC_ARC = YES;
				CLANG_ENABLE_OBJC_WEAK = YES;
				CLANG_WARN_BLOCK_CAPTURE_AUTORELEASING = YES;
				CLANG_WARN_BOOL_CONVERSION = YES;
				CLANG_WARN_COMMA = YES;
				CLANG_WARN_CONSTANT_CONVERSION = YES;
				CLANG_WARN_DEPRECATED_OBJC_IMPLEMENTATIONS = YES;
				CLANG_WARN_DIRECT_OBJC_ISA_USAGE = YES_ERROR;
				CLANG_WARN_DOCUMENTATION_COMMENTS = YES;
				CLANG_WARN_EMPTY_BODY = YES;
				CLANG_WARN_ENUM_CONVERSION = YES;
				CLANG_WARN_INFINITE_RECURSION = YES;
				CLANG_WARN_INT_CONVERSION = YES;
				CLANG_WARN_NON_LITERAL_NULL_CONVERSION = YES;
				CLANG_WARN_OBJC_IMPLICIT_RETAIN_SELF = YES;
				CLANG_WARN_OBJC_LITERAL_CONVERSION = YES;
				CLANG_WARN_OBJC_ROOT_CLASS = YES_ERROR;
				CLANG_WARN_QUOTED_INCLUDE_IN_FRAMEWORK_HEADER = YES;
				CLANG_WARN_RANGE_LOOP_ANALYSIS = YES;
				CLANG_WARN_STRICT_PROTOTYPES = YES;
				CLANG_WARN_SUSPICIOUS_MOVE = YES;
				CLANG_WARN_UNGUARDED_AVAILABILITY = YES_AGGRESSIVE;
				CLANG_WARN_UNREACHABLE_CODE = YES;
				CLANG_WARN__DUPLICATE_METHOD_MATCH = YES;
				COPY_PHASE_STRIP = NO;
				DEBUG_INFORMATION_FORMAT = dwarf;
				ENABLE_STRICT_OBJC_MSGSEND = YES;
				ENABLE_TESTABILITY = YES;
				GCC_C_LANGUAGE_STANDARD = gnu11;
				GCC_DYNAMIC_NO_PIC = NO;
				GCC_NO_COMMON_BLOCKS = YES;
				GCC_OPTIMIZATION_LEVEL = 0;
				GCC_PREPROCESSOR_DEFINITIONS = (
					"DEBUG=1",
					"$(inherited)",
				);
				GCC_WARN_64_TO_32_BIT_CONVERSION = YES;
				GCC_WARN_ABOUT_RETURN_TYPE = YES_ERROR;
				GCC_WARN_UNDECLARED_SELECTOR = YES;
				GCC_WARN_UNINITIALIZED_AUTOS = YES_AGGRESSIVE;
				GCC_WARN_UNUSED_FUNCTION = YES;
				GCC_WARN_UNUSED_VARIABLE = YES;
				IPHONEOS_DEPLOYMENT_TARGET = 16.0;
				MTL_ENABLE_DEBUG_INFO = INCLUDE_SOURCE;
				MTL_FAST_MATH = YES;
				ONLY_ACTIVE_ARCH = YES;
				SDKROOT = iphoneos;
				SWIFT_ACTIVE_COMPILATION_CONDITIONS = DEBUG;
				SWIFT_OPTIMIZATION_LEVEL = "-Onone";
			};
			name = Debug;
		};
		DD59F9222A75778B0047E2CE /* Release */ = {
			isa = XCBuildConfiguration;
			buildSettings = {
				ALWAYS_SEARCH_USER_PATHS = NO;
				CLANG_ANALYZER_NONNULL = YES;
				CLANG_ANALYZER_NUMBER_OBJECT_CONVERSION = YES_AGGRESSIVE;
				CLANG_CXX_LANGUAGE_STANDARD = "gnu++20";
				CLANG_ENABLE_MODULES = YES;
				CLANG_ENABLE_OBJC_ARC = YES;
				CLANG_ENABLE_OBJC_WEAK = YES;
				CLANG_WARN_BLOCK_CAPTURE_AUTORELEASING = YES;
				CLANG_WARN_BOOL_CONVERSION = YES;
				CLANG_WARN_COMMA = YES;
				CLANG_WARN_CONSTANT_CONVERSION = YES;
				CLANG_WARN_DEPRECATED_OBJC_IMPLEMENTATIONS = YES;
				CLANG_WARN_DIRECT_OBJC_ISA_USAGE = YES_ERROR;
				CLANG_WARN_DOCUMENTATION_COMMENTS = YES;
				CLANG_WARN_EMPTY_BODY = YES;
				CLANG_WARN_ENUM_CONVERSION = YES;
				CLANG_WARN_INFINITE_RECURSION = YES;
				CLANG_WARN_INT_CONVERSION = YES;
				CLANG_WARN_NON_LITERAL_NULL_CONVERSION = YES;
				CLANG_WARN_OBJC_IMPLICIT_RETAIN_SELF = YES;
				CLANG_WARN_OBJC_LITERAL_CONVERSION = YES;
				CLANG_WARN_OBJC_ROOT_CLASS = YES_ERROR;
				CLANG_WARN_QUOTED_INCLUDE_IN_FRAMEWORK_HEADER = YES;
				CLANG_WARN_RANGE_LOOP_ANALYSIS = YES;
				CLANG_WARN_STRICT_PROTOTYPES = YES;
				CLANG_WARN_SUSPICIOUS_MOVE = YES;
				CLANG_WARN_UNGUARDED_AVAILABILITY = YES_AGGRESSIVE;
				CLANG_WARN_UNREACHABLE_CODE = YES;
				CLANG_WARN__DUPLICATE_METHOD_MATCH = YES;
				COPY_PHASE_STRIP = NO;
				DEBUG_INFORMATION_FORMAT = "dwarf-with-dsym";
				ENABLE_NS_ASSERTIONS = NO;
				ENABLE_STRICT_OBJC_MSGSEND = YES;
				GCC_C_LANGUAGE_STANDARD = gnu11;
				GCC_NO_COMMON_BLOCKS = YES;
				GCC_WARN_64_TO_32_BIT_CONVERSION = YES;
				GCC_WARN_ABOUT_RETURN_TYPE = YES_ERROR;
				GCC_WARN_UNDECLARED_SELECTOR = YES;
				GCC_WARN_UNINITIALIZED_AUTOS = YES_AGGRESSIVE;
				GCC_WARN_UNUSED_FUNCTION = YES;
				GCC_WARN_UNUSED_VARIABLE = YES;
				IPHONEOS_DEPLOYMENT_TARGET = 16.0;
				MTL_ENABLE_DEBUG_INFO = NO;
				MTL_FAST_MATH = YES;
				SDKROOT = iphoneos;
				SWIFT_COMPILATION_MODE = wholemodule;
				SWIFT_OPTIMIZATION_LEVEL = "-O";
				VALIDATE_PRODUCT = YES;
			};
			name = Release;
		};
		DD59F9242A75778B0047E2CE /* Debug */ = {
			isa = XCBuildConfiguration;
			buildSettings = {
				ASSETCATALOG_COMPILER_APPICON_NAME = AppIcon;
				ASSETCATALOG_COMPILER_GLOBAL_ACCENT_COLOR_NAME = AccentColor;
				CODE_SIGN_STYLE = Automatic;
				CURRENT_PROJECT_VERSION = 1;
				DEVELOPMENT_ASSET_PATHS = "\"FirstPipeline/Preview Content\"";
				DEVELOPMENT_TEAM = DC2CCCCLGJ;
				ENABLE_PREVIEWS = YES;
				GENERATE_INFOPLIST_FILE = YES;
				INFOPLIST_KEY_UIApplicationSceneManifest_Generation = YES;
				INFOPLIST_KEY_UIApplicationSupportsIndirectInputEvents = YES;
				INFOPLIST_KEY_UILaunchScreen_Generation = YES;
				INFOPLIST_KEY_UISupportedInterfaceOrientations_iPad = "UIInterfaceOrientationPortrait UIInterfaceOrientationPortraitUpsideDown UIInterfaceOrientationLandscapeLeft UIInterfaceOrientationLandscapeRight";
				INFOPLIST_KEY_UISupportedInterfaceOrientations_iPhone = "UIInterfaceOrientationPortrait UIInterfaceOrientationLandscapeLeft UIInterfaceOrientationLandscapeRight";
				LD_RUNPATH_SEARCH_PATHS = (
					"$(inherited)",
					"@executable_path/Frameworks",
				);
				MARKETING_VERSION = 1.0;
				PRODUCT_BUNDLE_IDENTIFIER = com.aligorkemaksoz.FirstPipeline;
				PRODUCT_NAME = "$(TARGET_NAME)";
				SWIFT_EMIT_LOC_STRINGS = YES;
				SWIFT_VERSION = 5.0;
				TARGETED_DEVICE_FAMILY = "1,2";
			};
			name = Debug;
		};
		DD59F9252A75778B0047E2CE /* Release */ = {
			isa = XCBuildConfiguration;
			buildSettings = {
				ASSETCATALOG_COMPILER_APPICON_NAME = AppIcon;
				ASSETCATALOG_COMPILER_GLOBAL_ACCENT_COLOR_NAME = AccentColor;
				CODE_SIGN_STYLE = Automatic;
				CURRENT_PROJECT_VERSION = 1;
				DEVELOPMENT_ASSET_PATHS = "\"FirstPipeline/Preview Content\"";
				DEVELOPMENT_TEAM = DC2CCCCLGJ;
				ENABLE_PREVIEWS = YES;
				GENERATE_INFOPLIST_FILE = YES;
				INFOPLIST_KEY_UIApplicationSceneManifest_Generation = YES;
				INFOPLIST_KEY_UIApplicationSupportsIndirectInputEvents = YES;
				INFOPLIST_KEY_UILaunchScreen_Generation = YES;
				INFOPLIST_KEY_UISupportedInterfaceOrientations_iPad = "UIInterfaceOrientationPortrait UIInterfaceOrientationPortraitUpsideDown UIInterfaceOrientationLandscapeLeft UIInterfaceOrientationLandscapeRight";
				INFOPLIST_KEY_UISupportedInterfaceOrientations_iPhone = "UIInterfaceOrientationPortrait UIInterfaceOrientationLandscapeLeft UIInterfaceOrientationLandscapeRight";
				LD_RUNPATH_SEARCH_PATHS = (
					"$(inherited)",
					"@executable_path/Frameworks",
				);
				MARKETING_VERSION = 1.0;
				PRODUCT_BUNDLE_IDENTIFIER = com.aligorkemaksoz.FirstPipeline;
				PRODUCT_NAME = "$(TARGET_NAME)";
				SWIFT_EMIT_LOC_STRINGS = YES;
				SWIFT_VERSION = 5.0;
				TARGETED_DEVICE_FAMILY = "1,2";
			};
			name = Release;
		};
/* End XCBuildConfiguration section */

/* Begin XCConfigurationList section */
		DD59F9102A75778A0047E2CE /* Build configuration list for PBXProject "FirstPipeline" */ = {
			isa = XCConfigurationList;
			buildConfigurations = (
				DD59F9212A75778B0047E2CE /* Debug */,
				DD59F9222A75778B0047E2CE /* Release */,
			);
			defaultConfigurationIsVisible = 0;
			defaultConfigurationName = Release;
		};
		DD59F9232A75778B0047E2CE /* Build configuration list for PBXNativeTarget "FirstPipeline" */ = {
			isa = XCConfigurationList;
			buildConfigurations = (
				DD59F9242A75778B0047E2CE /* Debug */,
				DD59F9252A75778B0047E2CE /* Release */,
			);
			defaultConfigurationIsVisible = 0;
			defaultConfigurationName = Release;
		};
/* End XCConfigurationList section */
	};
	rootObject = DD59F90D2A75778A0047E2CE /* Project object */;
}
