// !$*UTF8*$!
{
	archiveVersion = 1;
	classes = {
	};
	objectVersion = 56;
	objects = {

/* Begin PBXBuildFile section */
		DD59F9192A75778A0047E2CE /* FirstPipelineApp.swift in Sources */ = {isa = PBXBuildFile; fileRef = DD59F9182A75778A0047E2CE /* FirstPipelineApp.swift */; };
		DD59F91D2A75778B0047E2CE /* Assets.xcassets in Resources */ = {isa = PBXBuildFile; fileRef = DD59F91C2A75778B0047E2CE /* Assets.xcassets */; };
		DD59F9202A75778B0047E2CE /* Preview Assets.xcassets in Resources */ = {isa = PBXBuildFile; fileRef = DD59F91F2A75778B0047E2CE /* Preview Assets.xcassets */; };
		DD59F9272A7577C70047E2CE /* HeaderView.swift in Sources */ = {isa = PBXBuildFile; fileRef = DD59F9262A7577C70047E2CE /* HeaderView.swift */; };
		DD59F9292A7578A80047E2CE /* DescView.swift in Sources */ = {isa = PBXBuildFile; fileRef = DD59F9282A7578A80047E2CE /* DescView.swift */; };
		DD59F92B2A75796B0047E2CE /* FirstPipelineViewModel.swift in Sources */ = {isa = PBXBuildFile; fileRef = DD59F92A2A75796B0047E2CE /* FirstPipelineViewModel.swift */; };
		DD59F92E2A7670BF0047E2CE /* FirstPipelineView.swift in Sources */ = {isa = PBXBuildFile; fileRef = DD59F92D2A7670BF0047E2CE /* FirstPipelineView.swift */; };
		DD59F9362A7845230047E2CE /* LongRunningView.swift in Sources */ = {isa = PBXBuildFile; fileRef = DD59F9352A7845230047E2CE /* LongRunningView.swift */; };
		DD59F93A2A78453D0047E2CE /* LongRunnningViewModel.swift in Sources */ = {isa = PBXBuildFile; fileRef = DD59F9392A78453D0047E2CE /* LongRunnningViewModel.swift */; };
		DD59F93F2A7850140047E2CE /* CancellingMulitPipeViewModel.swift in Sources */ = {isa = PBXBuildFile; fileRef = DD59F93E2A7850140047E2CE /* CancellingMulitPipeViewModel.swift */; };
		DD59F9412A7851920047E2CE /* CancellingMulitPipeView.swift in Sources */ = {isa = PBXBuildFile; fileRef = DD59F9402A7851920047E2CE /* CancellingMulitPipeView.swift */; };
		DD59F9482A799AB50047E2CE /* Published_IntroductionView.swift in Sources */ = {isa = PBXBuildFile; fileRef = DD59F9472A799AB50047E2CE /* Published_IntroductionView.swift */; };
		DD59F94B2A799AC50047E2CE /* Published_IntroductionViewModel.swift in Sources */ = {isa = PBXBuildFile; fileRef = DD59F94A2A799AC50047E2CE /* Published_IntroductionViewModel.swift */; };
		DD59F9502A79A2780047E2CE /* CurrentValueSubject_IntroViewModel.swift in Sources */ = {isa = PBXBuildFile; fileRef = DD59F94F2A79A2780047E2CE /* CurrentValueSubject_IntroViewModel.swift */; };
		DD59F9522A79A9E10047E2CE /* CurrentValueSubject_IntroView.swift in Sources */ = {isa = PBXBuildFile; fileRef = DD59F9512A79A9E10047E2CE /* CurrentValueSubject_IntroView.swift */; };
		DE95DA892A8221DB00691C6B /* Future_RunMultipleTimesViewModel.swift in Sources */ = {isa = PBXBuildFile; fileRef = DE95DA882A8221DB00691C6B /* Future_RunMultipleTimesViewModel.swift */; };
		DE95DA8B2A82229900691C6B /* Future_RunMultipleTimesView.swift in Sources */ = {isa = PBXBuildFile; fileRef = DE95DA8A2A82229900691C6B /* Future_RunMultipleTimesView.swift */; };
		DE95DA902A8224EF00691C6B /* JustViewModel.swift in Sources */ = {isa = PBXBuildFile; fileRef = DE95DA8F2A8224EF00691C6B /* JustViewModel.swift */; };
		DE95DA922A82270600691C6B /* JustView.swift in Sources */ = {isa = PBXBuildFile; fileRef = DE95DA912A82270600691C6B /* JustView.swift */; };
		DED0BA8C2A80DDE9000F9149 /* EmptyViewModel.swift in Sources */ = {isa = PBXBuildFile; fileRef = DED0BA8B2A80DDE9000F9149 /* EmptyViewModel.swift */; };
		DED0BA8F2A80DF27000F9149 /* EmptyView.swift in Sources */ = {isa = PBXBuildFile; fileRef = DED0BA8E2A80DF27000F9149 /* EmptyView.swift */; };
		DED0BA952A80E625000F9149 /* InvalidAgeError.swift in Sources */ = {isa = PBXBuildFile; fileRef = DED0BA942A80E625000F9149 /* InvalidAgeError.swift */; };
		DED0BA972A80E65D000F9149 /* Validators.swift in Sources */ = {isa = PBXBuildFile; fileRef = DED0BA962A80E65D000F9149 /* Validators.swift */; };
		DED0BA992A80E6D7000F9149 /* FailViewModel.swift in Sources */ = {isa = PBXBuildFile; fileRef = DED0BA982A80E6D7000F9149 /* FailViewModel.swift */; };
		DED0BA9B2A80E750000F9149 /* FailView.swift in Sources */ = {isa = PBXBuildFile; fileRef = DED0BA9A2A80E750000F9149 /* FailView.swift */; };
		DED0BAA02A813154000F9149 /* FutureViewModel.swift in Sources */ = {isa = PBXBuildFile; fileRef = DED0BA9F2A813154000F9149 /* FutureViewModel.swift */; };
		DED0BAA22A813286000F9149 /* FutureView.swift in Sources */ = {isa = PBXBuildFile; fileRef = DED0BAA12A813286000F9149 /* FutureView.swift */; };
		DED0BAA42A81342D000F9149 /* Future_ImmediateViewModel.swift in Sources */ = {isa = PBXBuildFile; fileRef = DED0BAA32A81342D000F9149 /* Future_ImmediateViewModel.swift */; };
		DED0BAA62A813498000F9149 /* Future_ImmediateView.swift in Sources */ = {isa = PBXBuildFile; fileRef = DED0BAA52A813498000F9149 /* Future_ImmediateView.swift */; };
		DED0BAA92A821FE5000F9149 /* Future_OnlyRunsOnceViewModel.swift in Sources */ = {isa = PBXBuildFile; fileRef = DED0BAA82A821FE5000F9149 /* Future_OnlyRunsOnceViewModel.swift */; };
		DED0BAAB2A8220AD000F9149 /* Future_OnlyRunsOnceView.swift in Sources */ = {isa = PBXBuildFile; fileRef = DED0BAAA2A8220AD000F9149 /* Future_OnlyRunsOnceView.swift */; };
/* End PBXBuildFile section */

/* Begin PBXFileReference section */
		DD59F9152A75778A0047E2CE /* FirstPipeline.app */ = {isa = PBXFileReference; explicitFileType = wrapper.application; includeInIndex = 0; path = FirstPipeline.app; sourceTree = BUILT_PRODUCTS_DIR; };
		DD59F9182A75778A0047E2CE /* FirstPipelineApp.swift */ = {isa = PBXFileReference; lastKnownFileType = sourcecode.swift; path = FirstPipelineApp.swift; sourceTree = "<group>"; };
		DD59F91C2A75778B0047E2CE /* Assets.xcassets */ = {isa = PBXFileReference; lastKnownFileType = folder.assetcatalog; path = Assets.xcassets; sourceTree = "<group>"; };
		DD59F91F2A75778B0047E2CE /* Preview Assets.xcassets */ = {isa = PBXFileReference; lastKnownFileType = folder.assetcatalog; path = "Preview Assets.xcassets"; sourceTree = "<group>"; };
		DD59F9262A7577C70047E2CE /* HeaderView.swift */ = {isa = PBXFileReference; lastKnownFileType = sourcecode.swift; path = HeaderView.swift; sourceTree = "<group>"; };
		DD59F9282A7578A80047E2CE /* DescView.swift */ = {isa = PBXFileReference; lastKnownFileType = sourcecode.swift; path = DescView.swift; sourceTree = "<group>"; };
		DD59F92A2A75796B0047E2CE /* FirstPipelineViewModel.swift */ = {isa = PBXFileReference; lastKnownFileType = sourcecode.swift; path = FirstPipelineViewModel.swift; sourceTree = "<group>"; };
		DD59F92D2A7670BF0047E2CE /* FirstPipelineView.swift */ = {isa = PBXFileReference; lastKnownFileType = sourcecode.swift; path = FirstPipelineView.swift; sourceTree = "<group>"; };
		DD59F9352A7845230047E2CE /* LongRunningView.swift */ = {isa = PBXFileReference; lastKnownFileType = sourcecode.swift; path = LongRunningView.swift; sourceTree = "<group>"; };
		DD59F9392A78453D0047E2CE /* LongRunnningViewModel.swift */ = {isa = PBXFileReference; lastKnownFileType = sourcecode.swift; path = LongRunnningViewModel.swift; sourceTree = "<group>"; };
		DD59F93E2A7850140047E2CE /* CancellingMulitPipeViewModel.swift */ = {isa = PBXFileReference; lastKnownFileType = sourcecode.swift; path = CancellingMulitPipeViewModel.swift; sourceTree = "<group>"; };
		DD59F9402A7851920047E2CE /* CancellingMulitPipeView.swift */ = {isa = PBXFileReference; lastKnownFileType = sourcecode.swift; path = CancellingMulitPipeView.swift; sourceTree = "<group>"; };
		DD59F9472A799AB50047E2CE /* Published_IntroductionView.swift */ = {isa = PBXFileReference; lastKnownFileType = sourcecode.swift; path = Published_IntroductionView.swift; sourceTree = "<group>"; };
		DD59F94A2A799AC50047E2CE /* Published_IntroductionViewModel.swift */ = {isa = PBXFileReference; lastKnownFileType = sourcecode.swift; path = Published_IntroductionViewModel.swift; sourceTree = "<group>"; };
		DD59F94F2A79A2780047E2CE /* CurrentValueSubject_IntroViewModel.swift */ = {isa = PBXFileReference; lastKnownFileType = sourcecode.swift; path = CurrentValueSubject_IntroViewModel.swift; sourceTree = "<group>"; };
		DD59F9512A79A9E10047E2CE /* CurrentValueSubject_IntroView.swift */ = {isa = PBXFileReference; lastKnownFileType = sourcecode.swift; path = CurrentValueSubject_IntroView.swift; sourceTree = "<group>"; };
		DE95DA882A8221DB00691C6B /* Future_RunMultipleTimesViewModel.swift */ = {isa = PBXFileReference; lastKnownFileType = sourcecode.swift; path = Future_RunMultipleTimesViewModel.swift; sourceTree = "<group>"; };
		DE95DA8A2A82229900691C6B /* Future_RunMultipleTimesView.swift */ = {isa = PBXFileReference; lastKnownFileType = sourcecode.swift; path = Future_RunMultipleTimesView.swift; sourceTree = "<group>"; };
		DE95DA8F2A8224EF00691C6B /* JustViewModel.swift */ = {isa = PBXFileReference; lastKnownFileType = sourcecode.swift; path = JustViewModel.swift; sourceTree = "<group>"; };
		DE95DA912A82270600691C6B /* JustView.swift */ = {isa = PBXFileReference; lastKnownFileType = sourcecode.swift; path = JustView.swift; sourceTree = "<group>"; };
		DED0BA8B2A80DDE9000F9149 /* EmptyViewModel.swift */ = {isa = PBXFileReference; lastKnownFileType = sourcecode.swift; path = EmptyViewModel.swift; sourceTree = "<group>"; };
		DED0BA8E2A80DF27000F9149 /* EmptyView.swift */ = {isa = PBXFileReference; lastKnownFileType = sourcecode.swift; path = EmptyView.swift; sourceTree = "<group>"; };
		DED0BA942A80E625000F9149 /* InvalidAgeError.swift */ = {isa = PBXFileReference; lastKnownFileType = sourcecode.swift; path = InvalidAgeError.swift; sourceTree = "<group>"; };
		DED0BA962A80E65D000F9149 /* Validators.swift */ = {isa = PBXFileReference; lastKnownFileType = sourcecode.swift; path = Validators.swift; sourceTree = "<group>"; };
		DED0BA982A80E6D7000F9149 /* FailViewModel.swift */ = {isa = PBXFileReference; lastKnownFileType = sourcecode.swift; path = FailViewModel.swift; sourceTree = "<group>"; };
		DED0BA9A2A80E750000F9149 /* FailView.swift */ = {isa = PBXFileReference; lastKnownFileType = sourcecode.swift; path = FailView.swift; sourceTree = "<group>"; };
		DED0BA9F2A813154000F9149 /* FutureViewModel.swift */ = {isa = PBXFileReference; lastKnownFileType = sourcecode.swift; path = FutureViewModel.swift; sourceTree = "<group>"; };
		DED0BAA12A813286000F9149 /* FutureView.swift */ = {isa = PBXFileReference; lastKnownFileType = sourcecode.swift; path = FutureView.swift; sourceTree = "<group>"; };
		DED0BAA32A81342D000F9149 /* Future_ImmediateViewModel.swift */ = {isa = PBXFileReference; lastKnownFileType = sourcecode.swift; path = Future_ImmediateViewModel.swift; sourceTree = "<group>"; };
		DED0BAA52A813498000F9149 /* Future_ImmediateView.swift */ = {isa = PBXFileReference; lastKnownFileType = sourcecode.swift; path = Future_ImmediateView.swift; sourceTree = "<group>"; };
		DED0BAA82A821FE5000F9149 /* Future_OnlyRunsOnceViewModel.swift */ = {isa = PBXFileReference; lastKnownFileType = sourcecode.swift; path = Future_OnlyRunsOnceViewModel.swift; sourceTree = "<group>"; };
		DED0BAAA2A8220AD000F9149 /* Future_OnlyRunsOnceView.swift */ = {isa = PBXFileReference; lastKnownFileType = sourcecode.swift; path = Future_OnlyRunsOnceView.swift; sourceTree = "<group>"; };
/* End PBXFileReference section */

/* Begin PBXFrameworksBuildPhase section */
		DD59F9122A75778A0047E2CE /* Frameworks */ = {
			isa = PBXFrameworksBuildPhase;
			buildActionMask = 2147483647;
			files = (
			);
			runOnlyForDeploymentPostprocessing = 0;
		};
/* End PBXFrameworksBuildPhase section */

/* Begin PBXGroup section */
		DD59F90C2A75778A0047E2CE = {
			isa = PBXGroup;
			children = (
				DD59F9172A75778A0047E2CE /* FirstPipeline */,
				DD59F9162A75778A0047E2CE /* Products */,
			);
			sourceTree = "<group>";
		};
		DD59F9162A75778A0047E2CE /* Products */ = {
			isa = PBXGroup;
			children = (
				DD59F9152A75778A0047E2CE /* FirstPipeline.app */,
			);
			name = Products;
			sourceTree = "<group>";
		};
		DD59F9172A75778A0047E2CE /* FirstPipeline */ = {
			isa = PBXGroup;
			children = (
				DE95DA8C2A8224D300691C6B /* Just */,
				DED0BA9C2A81313E000F9149 /* Future */,
				DED0BA902A80E5FF000F9149 /* Fail */,
				DED0BA882A80DDC6000F9149 /* Empty */,
				DD59F94C2A79A2600047E2CE /* CurrentValueSubject_Intro */,
				DD59F9422A799A950047E2CE /* Published_Introduction */,
				DD59F93B2A784FEB0047E2CE /* CancellingMultiPipeline */,
				DD59F9342A7845100047E2CE /* LongRunningPipeline */,
				DD59F92C2A7670AA0047E2CE /* FirstPipeline */,
				DD59F9312A7670FD0047E2CE /* Components */,
				DD59F9322A7671440047E2CE /* App */,
				DD59F91E2A75778B0047E2CE /* Preview Content */,
			);
			path = FirstPipeline;
			sourceTree = "<group>";
		};
		DD59F91E2A75778B0047E2CE /* Preview Content */ = {
			isa = PBXGroup;
			children = (
				DD59F91F2A75778B0047E2CE /* Preview Assets.xcassets */,
			);
			path = "Preview Content";
			sourceTree = "<group>";
		};
		DD59F92C2A7670AA0047E2CE /* FirstPipeline */ = {
			isa = PBXGroup;
			children = (
				DD59F9302A7670F20047E2CE /* View */,
				DD59F92F2A7670E50047E2CE /* ViewModel */,
			);
			path = FirstPipeline;
			sourceTree = "<group>";
		};
		DD59F92F2A7670E50047E2CE /* ViewModel */ = {
			isa = PBXGroup;
			children = (
				DD59F92A2A75796B0047E2CE /* FirstPipelineViewModel.swift */,
			);
			path = ViewModel;
			sourceTree = "<group>";
		};
		DD59F9302A7670F20047E2CE /* View */ = {
			isa = PBXGroup;
			children = (
				DD59F92D2A7670BF0047E2CE /* FirstPipelineView.swift */,
			);
			path = View;
			sourceTree = "<group>";
		};
		DD59F9312A7670FD0047E2CE /* Components */ = {
			isa = PBXGroup;
			children = (
				DD59F9262A7577C70047E2CE /* HeaderView.swift */,
				DD59F9282A7578A80047E2CE /* DescView.swift */,
			);
			path = Components;
			sourceTree = "<group>";
		};
		DD59F9322A7671440047E2CE /* App */ = {
			isa = PBXGroup;
			children = (
				DD59F9182A75778A0047E2CE /* FirstPipelineApp.swift */,
				DD59F91C2A75778B0047E2CE /* Assets.xcassets */,
			);
			path = App;
			sourceTree = "<group>";
		};
		DD59F9342A7845100047E2CE /* LongRunningPipeline */ = {
			isa = PBXGroup;
			children = (
				DD59F9382A78452F0047E2CE /* ViewModel */,
				DD59F9372A7845280047E2CE /* View */,
			);
			path = LongRunningPipeline;
			sourceTree = "<group>";
		};
		DD59F9372A7845280047E2CE /* View */ = {
			isa = PBXGroup;
			children = (
				DD59F9352A7845230047E2CE /* LongRunningView.swift */,
			);
			path = View;
			sourceTree = "<group>";
		};
		DD59F9382A78452F0047E2CE /* ViewModel */ = {
			isa = PBXGroup;
			children = (
				DD59F9392A78453D0047E2CE /* LongRunnningViewModel.swift */,
			);
			path = ViewModel;
			sourceTree = "<group>";
		};
		DD59F93B2A784FEB0047E2CE /* CancellingMultiPipeline */ = {
			isa = PBXGroup;
			children = (
				DD59F93D2A7850000047E2CE /* ViewModel */,
				DD59F93C2A784FFC0047E2CE /* View */,
			);
			path = CancellingMultiPipeline;
			sourceTree = "<group>";
		};
		DD59F93C2A784FFC0047E2CE /* View */ = {
			isa = PBXGroup;
			children = (
				DD59F9402A7851920047E2CE /* CancellingMulitPipeView.swift */,
			);
			path = View;
			sourceTree = "<group>";
		};
		DD59F93D2A7850000047E2CE /* ViewModel */ = {
			isa = PBXGroup;
			children = (
				DD59F93E2A7850140047E2CE /* CancellingMulitPipeViewModel.swift */,
			);
			path = ViewModel;
			sourceTree = "<group>";
		};
		DD59F9422A799A950047E2CE /* Published_Introduction */ = {
			isa = PBXGroup;
			children = (
				DD59F9442A799AA00047E2CE /* ViewModel */,
				DD59F9432A799A9C0047E2CE /* View */,
			);
			path = Published_Introduction;
			sourceTree = "<group>";
		};
		DD59F9432A799A9C0047E2CE /* View */ = {
			isa = PBXGroup;
			children = (
				DD59F9472A799AB50047E2CE /* Published_IntroductionView.swift */,
			);
			path = View;
			sourceTree = "<group>";
		};
		DD59F9442A799AA00047E2CE /* ViewModel */ = {
			isa = PBXGroup;
			children = (
				DD59F94A2A799AC50047E2CE /* Published_IntroductionViewModel.swift */,
			);
			path = ViewModel;
			sourceTree = "<group>";
		};
		DD59F94C2A79A2600047E2CE /* CurrentValueSubject_Intro */ = {
			isa = PBXGroup;
			children = (
				DD59F94E2A79A2680047E2CE /* ViewModel */,
				DD59F94D2A79A2650047E2CE /* View */,
			);
			path = CurrentValueSubject_Intro;
			sourceTree = "<group>";
		};
		DD59F94D2A79A2650047E2CE /* View */ = {
			isa = PBXGroup;
			children = (
				DD59F9512A79A9E10047E2CE /* CurrentValueSubject_IntroView.swift */,
			);
			path = View;
			sourceTree = "<group>";
		};
		DD59F94E2A79A2680047E2CE /* ViewModel */ = {
			isa = PBXGroup;
			children = (
				DD59F94F2A79A2780047E2CE /* CurrentValueSubject_IntroViewModel.swift */,
			);
			path = ViewModel;
			sourceTree = "<group>";
		};
		DE95DA8C2A8224D300691C6B /* Just */ = {
			isa = PBXGroup;
			children = (
				DE95DA8E2A8224DF00691C6B /* ViewModel */,
				DE95DA8D2A8224DB00691C6B /* View */,
			);
			path = Just;
			sourceTree = "<group>";
		};
		DE95DA8D2A8224DB00691C6B /* View */ = {
			isa = PBXGroup;
			children = (
				DE95DA912A82270600691C6B /* JustView.swift */,
			);
			path = View;
			sourceTree = "<group>";
		};
		DE95DA8E2A8224DF00691C6B /* ViewModel */ = {
			isa = PBXGroup;
			children = (
				DE95DA8F2A8224EF00691C6B /* JustViewModel.swift */,
			);
			path = ViewModel;
			sourceTree = "<group>";
		};
		DED0BA882A80DDC6000F9149 /* Empty */ = {
			isa = PBXGroup;
			children = (
				DED0BA8A2A80DDCF000F9149 /* ViewModel */,
				DED0BA892A80DDCC000F9149 /* View */,
			);
			path = Empty;
			sourceTree = "<group>";
		};
		DED0BA892A80DDCC000F9149 /* View */ = {
			isa = PBXGroup;
			children = (
				DED0BA8E2A80DF27000F9149 /* EmptyView.swift */,
			);
			path = View;
			sourceTree = "<group>";
		};
		DED0BA8A2A80DDCF000F9149 /* ViewModel */ = {
			isa = PBXGroup;
			children = (
				DED0BA8B2A80DDE9000F9149 /* EmptyViewModel.swift */,
			);
			path = ViewModel;
			sourceTree = "<group>";
		};
		DED0BA902A80E5FF000F9149 /* Fail */ = {
			isa = PBXGroup;
			children = (
				DED0BA932A80E60E000F9149 /* ViewModel */,
				DED0BA922A80E607000F9149 /* View */,
				DED0BA912A80E603000F9149 /* Helpers */,
			);
			path = Fail;
			sourceTree = "<group>";
		};
		DED0BA912A80E603000F9149 /* Helpers */ = {
			isa = PBXGroup;
			children = (
				DED0BA942A80E625000F9149 /* InvalidAgeError.swift */,
				DED0BA962A80E65D000F9149 /* Validators.swift */,
			);
			path = Helpers;
			sourceTree = "<group>";
		};
		DED0BA922A80E607000F9149 /* View */ = {
			isa = PBXGroup;
			children = (
				DED0BA9A2A80E750000F9149 /* FailView.swift */,
			);
			path = View;
			sourceTree = "<group>";
		};
		DED0BA932A80E60E000F9149 /* ViewModel */ = {
			isa = PBXGroup;
			children = (
				DED0BA982A80E6D7000F9149 /* FailViewModel.swift */,
			);
			path = ViewModel;
			sourceTree = "<group>";
		};
		DED0BA9C2A81313E000F9149 /* Future */ = {
			isa = PBXGroup;
			children = (
				DED0BA9E2A813145000F9149 /* ViewModel */,
				DED0BA9D2A813142000F9149 /* View */,
			);
			path = Future;
			sourceTree = "<group>";
		};
		DED0BA9D2A813142000F9149 /* View */ = {
			isa = PBXGroup;
			children = (
				DED0BAA12A813286000F9149 /* FutureView.swift */,
				DED0BAA52A813498000F9149 /* Future_ImmediateView.swift */,
				DED0BAAA2A8220AD000F9149 /* Future_OnlyRunsOnceView.swift */,
				DE95DA8A2A82229900691C6B /* Future_RunMultipleTimesView.swift */,
			);
			path = View;
			sourceTree = "<group>";
		};
		DED0BA9E2A813145000F9149 /* ViewModel */ = {
			isa = PBXGroup;
			children = (
				DED0BA9F2A813154000F9149 /* FutureViewModel.swift */,
				DED0BAA32A81342D000F9149 /* Future_ImmediateViewModel.swift */,
				DED0BAA82A821FE5000F9149 /* Future_OnlyRunsOnceViewModel.swift */,
				DE95DA882A8221DB00691C6B /* Future_RunMultipleTimesViewModel.swift */,
			);
			path = ViewModel;
			sourceTree = "<group>";
		};
/* End PBXGroup section */

/* Begin PBXNativeTarget section */
		DD59F9142A75778A0047E2CE /* FirstPipeline */ = {
			isa = PBXNativeTarget;
			buildConfigurationList = DD59F9232A75778B0047E2CE /* Build configuration list for PBXNativeTarget "FirstPipeline" */;
			buildPhases = (
				DD59F9112A75778A0047E2CE /* Sources */,
				DD59F9122A75778A0047E2CE /* Frameworks */,
				DD59F9132A75778A0047E2CE /* Resources */,
			);
			buildRules = (
			);
			dependencies = (
			);
			name = FirstPipeline;
			productName = FirstPipeline;
			productReference = DD59F9152A75778A0047E2CE /* FirstPipeline.app */;
			productType = "com.apple.product-type.application";
		};
/* End PBXNativeTarget section */

/* Begin PBXProject section */
		DD59F90D2A75778A0047E2CE /* Project object */ = {
			isa = PBXProject;
			attributes = {
				BuildIndependentTargetsInParallel = 1;
				LastSwiftUpdateCheck = 1400;
				LastUpgradeCheck = 1400;
				TargetAttributes = {
					DD59F9142A75778A0047E2CE = {
						CreatedOnToolsVersion = 14.0.1;
					};
				};
			};
			buildConfigurationList = DD59F9102A75778A0047E2CE /* Build configuration list for PBXProject "FirstPipeline" */;
			compatibilityVersion = "Xcode 14.0";
			developmentRegion = en;
			hasScannedForEncodings = 0;
			knownRegions = (
				en,
				Base,
			);
			mainGroup = DD59F90C2A75778A0047E2CE;
			productRefGroup = DD59F9162A75778A0047E2CE /* Products */;
			projectDirPath = "";
			projectRoot = "";
			targets = (
				DD59F9142A75778A0047E2CE /* FirstPipeline */,
			);
		};
/* End PBXProject section */

/* Begin PBXResourcesBuildPhase section */
		DD59F9132A75778A0047E2CE /* Resources */ = {
			isa = PBXResourcesBuildPhase;
			buildActionMask = 2147483647;
			files = (
				DD59F9202A75778B0047E2CE /* Preview Assets.xcassets in Resources */,
				DD59F91D2A75778B0047E2CE /* Assets.xcassets in Resources */,
			);
			runOnlyForDeploymentPostprocessing = 0;
		};
/* End PBXResourcesBuildPhase section */

/* Begin PBXSourcesBuildPhase section */
		DD59F9112A75778A0047E2CE /* Sources */ = {
			isa = PBXSourcesBuildPhase;
			buildActionMask = 2147483647;
			files = (
				DD59F9482A799AB50047E2CE /* Published_IntroductionView.swift in Sources */,
				DED0BA8F2A80DF27000F9149 /* EmptyView.swift in Sources */,
				DED0BA9B2A80E750000F9149 /* FailView.swift in Sources */,
				DED0BA992A80E6D7000F9149 /* FailViewModel.swift in Sources */,
				DD59F93A2A78453D0047E2CE /* LongRunnningViewModel.swift in Sources */,
				DED0BA8C2A80DDE9000F9149 /* EmptyViewModel.swift in Sources */,
				DE95DA922A82270600691C6B /* JustView.swift in Sources */,
				DD59F9522A79A9E10047E2CE /* CurrentValueSubject_IntroView.swift in Sources */,
				DED0BAA62A813498000F9149 /* Future_ImmediateView.swift in Sources */,
				DD59F9412A7851920047E2CE /* CancellingMulitPipeView.swift in Sources */,
				DD59F9272A7577C70047E2CE /* HeaderView.swift in Sources */,
				DD59F93F2A7850140047E2CE /* CancellingMulitPipeViewModel.swift in Sources */,
				DD59F92B2A75796B0047E2CE /* FirstPipelineViewModel.swift in Sources */,
				DED0BAAB2A8220AD000F9149 /* Future_OnlyRunsOnceView.swift in Sources */,
				DED0BA972A80E65D000F9149 /* Validators.swift in Sources */,
				DD59F9502A79A2780047E2CE /* CurrentValueSubject_IntroViewModel.swift in Sources */,
				DD59F94B2A799AC50047E2CE /* Published_IntroductionViewModel.swift in Sources */,
				DD59F9362A7845230047E2CE /* LongRunningView.swift in Sources */,
				DE95DA8B2A82229900691C6B /* Future_RunMultipleTimesView.swift in Sources */,
				DD59F92E2A7670BF0047E2CE /* FirstPipelineView.swift in Sources */,
				DD59F9192A75778A0047E2CE /* FirstPipelineApp.swift in Sources */,
				DED0BAA92A821FE5000F9149 /* Future_OnlyRunsOnceViewModel.swift in Sources */,
				DED0BAA42A81342D000F9149 /* Future_ImmediateViewModel.swift in Sources */,
				DED0BA952A80E625000F9149 /* InvalidAgeError.swift in Sources */,
				DED0BAA22A813286000F9149 /* FutureView.swift in Sources */,
				DE95DA902A8224EF00691C6B /* JustViewModel.swift in Sources */,
				DD59F9292A7578A80047E2CE /* DescView.swift in Sources */,
				DE95DA892A8221DB00691C6B /* Future_RunMultipleTimesViewModel.swift in Sources */,
				DED0BAA02A813154000F9149 /* FutureViewModel.swift in Sources */,
			);
			runOnlyForDeploymentPostprocessing = 0;
		};
/* End PBXSourcesBuildPhase section */

/* Begin XCBuildConfiguration section */
		DD59F9212A75778B0047E2CE /* Debug */ = {
			isa = XCBuildConfiguration;
			buildSettings = {
				ALWAYS_SEARCH_USER_PATHS = NO;
				CLANG_ANALYZER_NONNULL = YES;
				CLANG_ANALYZER_NUMBER_OBJECT_CONVERSION = YES_AGGRESSIVE;
				CLANG_CXX_LANGUAGE_STANDARD = "gnu++20";
				CLANG_ENABLE_MODULES = YES;
				CLANG_ENABLE_OBJC_ARC = YES;
				CLANG_ENABLE_OBJC_WEAK = YES;
				CLANG_WARN_BLOCK_CAPTURE_AUTORELEASING = YES;
				CLANG_WARN_BOOL_CONVERSION = YES;
				CLANG_WARN_COMMA = YES;
				CLANG_WARN_CONSTANT_CONVERSION = YES;
				CLANG_WARN_DEPRECATED_OBJC_IMPLEMENTATIONS = YES;
				CLANG_WARN_DIRECT_OBJC_ISA_USAGE = YES_ERROR;
				CLANG_WARN_DOCUMENTATION_COMMENTS = YES;
				CLANG_WARN_EMPTY_BODY = YES;
				CLANG_WARN_ENUM_CONVERSION = YES;
				CLANG_WARN_INFINITE_RECURSION = YES;
				CLANG_WARN_INT_CONVERSION = YES;
				CLANG_WARN_NON_LITERAL_NULL_CONVERSION = YES;
				CLANG_WARN_OBJC_IMPLICIT_RETAIN_SELF = YES;
				CLANG_WARN_OBJC_LITERAL_CONVERSION = YES;
				CLANG_WARN_OBJC_ROOT_CLASS = YES_ERROR;
				CLANG_WARN_QUOTED_INCLUDE_IN_FRAMEWORK_HEADER = YES;
				CLANG_WARN_RANGE_LOOP_ANALYSIS = YES;
				CLANG_WARN_STRICT_PROTOTYPES = YES;
				CLANG_WARN_SUSPICIOUS_MOVE = YES;
				CLANG_WARN_UNGUARDED_AVAILABILITY = YES_AGGRESSIVE;
				CLANG_WARN_UNREACHABLE_CODE = YES;
				CLANG_WARN__DUPLICATE_METHOD_MATCH = YES;
				COPY_PHASE_STRIP = NO;
				DEBUG_INFORMATION_FORMAT = dwarf;
				ENABLE_STRICT_OBJC_MSGSEND = YES;
				ENABLE_TESTABILITY = YES;
				GCC_C_LANGUAGE_STANDARD = gnu11;
				GCC_DYNAMIC_NO_PIC = NO;
				GCC_NO_COMMON_BLOCKS = YES;
				GCC_OPTIMIZATION_LEVEL = 0;
				GCC_PREPROCESSOR_DEFINITIONS = (
					"DEBUG=1",
					"$(inherited)",
				);
				GCC_WARN_64_TO_32_BIT_CONVERSION = YES;
				GCC_WARN_ABOUT_RETURN_TYPE = YES_ERROR;
				GCC_WARN_UNDECLARED_SELECTOR = YES;
				GCC_WARN_UNINITIALIZED_AUTOS = YES_AGGRESSIVE;
				GCC_WARN_UNUSED_FUNCTION = YES;
				GCC_WARN_UNUSED_VARIABLE = YES;
				IPHONEOS_DEPLOYMENT_TARGET = 16.0;
				MTL_ENABLE_DEBUG_INFO = INCLUDE_SOURCE;
				MTL_FAST_MATH = YES;
				ONLY_ACTIVE_ARCH = YES;
				SDKROOT = iphoneos;
				SWIFT_ACTIVE_COMPILATION_CONDITIONS = DEBUG;
				SWIFT_OPTIMIZATION_LEVEL = "-Onone";
			};
			name = Debug;
		};
		DD59F9222A75778B0047E2CE /* Release */ = {
			isa = XCBuildConfiguration;
			buildSettings = {
				ALWAYS_SEARCH_USER_PATHS = NO;
				CLANG_ANALYZER_NONNULL = YES;
				CLANG_ANALYZER_NUMBER_OBJECT_CONVERSION = YES_AGGRESSIVE;
				CLANG_CXX_LANGUAGE_STANDARD = "gnu++20";
				CLANG_ENABLE_MODULES = YES;
				CLANG_ENABLE_OBJC_ARC = YES;
				CLANG_ENABLE_OBJC_WEAK = YES;
				CLANG_WARN_BLOCK_CAPTURE_AUTORELEASING = YES;
				CLANG_WARN_BOOL_CONVERSION = YES;
				CLANG_WARN_COMMA = YES;
				CLANG_WARN_CONSTANT_CONVERSION = YES;
				CLANG_WARN_DEPRECATED_OBJC_IMPLEMENTATIONS = YES;
				CLANG_WARN_DIRECT_OBJC_ISA_USAGE = YES_ERROR;
				CLANG_WARN_DOCUMENTATION_COMMENTS = YES;
				CLANG_WARN_EMPTY_BODY = YES;
				CLANG_WARN_ENUM_CONVERSION = YES;
				CLANG_WARN_INFINITE_RECURSION = YES;
				CLANG_WARN_INT_CONVERSION = YES;
				CLANG_WARN_NON_LITERAL_NULL_CONVERSION = YES;
				CLANG_WARN_OBJC_IMPLICIT_RETAIN_SELF = YES;
				CLANG_WARN_OBJC_LITERAL_CONVERSION = YES;
				CLANG_WARN_OBJC_ROOT_CLASS = YES_ERROR;
				CLANG_WARN_QUOTED_INCLUDE_IN_FRAMEWORK_HEADER = YES;
				CLANG_WARN_RANGE_LOOP_ANALYSIS = YES;
				CLANG_WARN_STRICT_PROTOTYPES = YES;
				CLANG_WARN_SUSPICIOUS_MOVE = YES;
				CLANG_WARN_UNGUARDED_AVAILABILITY = YES_AGGRESSIVE;
				CLANG_WARN_UNREACHABLE_CODE = YES;
				CLANG_WARN__DUPLICATE_METHOD_MATCH = YES;
				COPY_PHASE_STRIP = NO;
				DEBUG_INFORMATION_FORMAT = "dwarf-with-dsym";
				ENABLE_NS_ASSERTIONS = NO;
				ENABLE_STRICT_OBJC_MSGSEND = YES;
				GCC_C_LANGUAGE_STANDARD = gnu11;
				GCC_NO_COMMON_BLOCKS = YES;
				GCC_WARN_64_TO_32_BIT_CONVERSION = YES;
				GCC_WARN_ABOUT_RETURN_TYPE = YES_ERROR;
				GCC_WARN_UNDECLARED_SELECTOR = YES;
				GCC_WARN_UNINITIALIZED_AUTOS = YES_AGGRESSIVE;
				GCC_WARN_UNUSED_FUNCTION = YES;
				GCC_WARN_UNUSED_VARIABLE = YES;
				IPHONEOS_DEPLOYMENT_TARGET = 16.0;
				MTL_ENABLE_DEBUG_INFO = NO;
				MTL_FAST_MATH = YES;
				SDKROOT = iphoneos;
				SWIFT_COMPILATION_MODE = wholemodule;
				SWIFT_OPTIMIZATION_LEVEL = "-O";
				VALIDATE_PRODUCT = YES;
			};
			name = Release;
		};
		DD59F9242A75778B0047E2CE /* Debug */ = {
			isa = XCBuildConfiguration;
			buildSettings = {
				ASSETCATALOG_COMPILER_APPICON_NAME = AppIcon;
				ASSETCATALOG_COMPILER_GLOBAL_ACCENT_COLOR_NAME = AccentColor;
				CODE_SIGN_STYLE = Automatic;
				CURRENT_PROJECT_VERSION = 1;
				DEVELOPMENT_ASSET_PATHS = "\"FirstPipeline/Preview Content\"";
				DEVELOPMENT_TEAM = DC2CCCCLGJ;
				ENABLE_PREVIEWS = YES;
				GENERATE_INFOPLIST_FILE = YES;
				INFOPLIST_KEY_UIApplicationSceneManifest_Generation = YES;
				INFOPLIST_KEY_UIApplicationSupportsIndirectInputEvents = YES;
				INFOPLIST_KEY_UILaunchScreen_Generation = YES;
				INFOPLIST_KEY_UISupportedInterfaceOrientations_iPad = "UIInterfaceOrientationPortrait UIInterfaceOrientationPortraitUpsideDown UIInterfaceOrientationLandscapeLeft UIInterfaceOrientationLandscapeRight";
				INFOPLIST_KEY_UISupportedInterfaceOrientations_iPhone = "UIInterfaceOrientationPortrait UIInterfaceOrientationLandscapeLeft UIInterfaceOrientationLandscapeRight";
				LD_RUNPATH_SEARCH_PATHS = (
					"$(inherited)",
					"@executable_path/Frameworks",
				);
				MARKETING_VERSION = 1.0;
				PRODUCT_BUNDLE_IDENTIFIER = com.aligorkemaksoz.FirstPipeline;
				PRODUCT_NAME = "$(TARGET_NAME)";
				SWIFT_EMIT_LOC_STRINGS = YES;
				SWIFT_VERSION = 5.0;
				TARGETED_DEVICE_FAMILY = "1,2";
			};
			name = Debug;
		};
		DD59F9252A75778B0047E2CE /* Release */ = {
			isa = XCBuildConfiguration;
			buildSettings = {
				ASSETCATALOG_COMPILER_APPICON_NAME = AppIcon;
				ASSETCATALOG_COMPILER_GLOBAL_ACCENT_COLOR_NAME = AccentColor;
				CODE_SIGN_STYLE = Automatic;
				CURRENT_PROJECT_VERSION = 1;
				DEVELOPMENT_ASSET_PATHS = "\"FirstPipeline/Preview Content\"";
				DEVELOPMENT_TEAM = DC2CCCCLGJ;
				ENABLE_PREVIEWS = YES;
				GENERATE_INFOPLIST_FILE = YES;
				INFOPLIST_KEY_UIApplicationSceneManifest_Generation = YES;
				INFOPLIST_KEY_UIApplicationSupportsIndirectInputEvents = YES;
				INFOPLIST_KEY_UILaunchScreen_Generation = YES;
				INFOPLIST_KEY_UISupportedInterfaceOrientations_iPad = "UIInterfaceOrientationPortrait UIInterfaceOrientationPortraitUpsideDown UIInterfaceOrientationLandscapeLeft UIInterfaceOrientationLandscapeRight";
				INFOPLIST_KEY_UISupportedInterfaceOrientations_iPhone = "UIInterfaceOrientationPortrait UIInterfaceOrientationLandscapeLeft UIInterfaceOrientationLandscapeRight";
				LD_RUNPATH_SEARCH_PATHS = (
					"$(inherited)",
					"@executable_path/Frameworks",
				);
				MARKETING_VERSION = 1.0;
				PRODUCT_BUNDLE_IDENTIFIER = com.aligorkemaksoz.FirstPipeline;
				PRODUCT_NAME = "$(TARGET_NAME)";
				SWIFT_EMIT_LOC_STRINGS = YES;
				SWIFT_VERSION = 5.0;
				TARGETED_DEVICE_FAMILY = "1,2";
			};
			name = Release;
		};
/* End XCBuildConfiguration section */

/* Begin XCConfigurationList section */
		DD59F9102A75778A0047E2CE /* Build configuration list for PBXProject "FirstPipeline" */ = {
			isa = XCConfigurationList;
			buildConfigurations = (
				DD59F9212A75778B0047E2CE /* Debug */,
				DD59F9222A75778B0047E2CE /* Release */,
			);
			defaultConfigurationIsVisible = 0;
			defaultConfigurationName = Release;
		};
		DD59F9232A75778B0047E2CE /* Build configuration list for PBXNativeTarget "FirstPipeline" */ = {
			isa = XCConfigurationList;
			buildConfigurations = (
				DD59F9242A75778B0047E2CE /* Debug */,
				DD59F9252A75778B0047E2CE /* Release */,
			);
			defaultConfigurationIsVisible = 0;
			defaultConfigurationName = Release;
		};
/* End XCConfigurationList section */
	};
	rootObject = DD59F90D2A75778A0047E2CE /* Project object */;
}
